// !$*UTF8*$!
{
	archiveVersion = 1;
	classes = {
	};
	objectVersion = 56;
	objects = {

/* Begin PBXBuildFile section */
		9226DB9129D4CCD50078A630 /* AppDelegate.swift in Sources */ = {isa = PBXBuildFile; fileRef = 9226DB9029D4CCD50078A630 /* AppDelegate.swift */; };
		9226DB9329D4CCD50078A630 /* SceneDelegate.swift in Sources */ = {isa = PBXBuildFile; fileRef = 9226DB9229D4CCD50078A630 /* SceneDelegate.swift */; };
		9226DB9529D4CCD50078A630 /* AuthViewController.swift in Sources */ = {isa = PBXBuildFile; fileRef = 9226DB9429D4CCD50078A630 /* AuthViewController.swift */; };
		9226DB9B29D4CCD50078A630 /* MealHelper.xcdatamodeld in Sources */ = {isa = PBXBuildFile; fileRef = 9226DB9929D4CCD50078A630 /* MealHelper.xcdatamodeld */; };
		9226DBA029D4CCD50078A630 /* LaunchScreen.storyboard in Resources */ = {isa = PBXBuildFile; fileRef = 9226DB9E29D4CCD50078A630 /* LaunchScreen.storyboard */; };
		9226DBCD29DECDB80078A630 /* AuthPresenter.swift in Sources */ = {isa = PBXBuildFile; fileRef = 9226DBCC29DECDB80078A630 /* AuthPresenter.swift */; };
		9226DBCF29DECE370078A630 /* AuthViewIO.swift in Sources */ = {isa = PBXBuildFile; fileRef = 9226DBCE29DECE370078A630 /* AuthViewIO.swift */; };
		9226DBD129DECFF40078A630 /* AppCoordinator.swift in Sources */ = {isa = PBXBuildFile; fileRef = 9226DBD029DECFF40078A630 /* AppCoordinator.swift */; };
		9226DBD429DEDAAB0078A630 /* AuthModuleBuilder.swift in Sources */ = {isa = PBXBuildFile; fileRef = 9226DBD329DEDAAB0078A630 /* AuthModuleBuilder.swift */; };
		9226DBD729DEE1220078A630 /* LoginViewController.swift in Sources */ = {isa = PBXBuildFile; fileRef = 9226DBD629DEE1220078A630 /* LoginViewController.swift */; };
		9242704B29EC0F1C004525F5 /* TabBarViewController.swift in Sources */ = {isa = PBXBuildFile; fileRef = 9242704A29EC0F1C004525F5 /* TabBarViewController.swift */; };
		9242705229EC134A004525F5 /* MainPresenter.swift in Sources */ = {isa = PBXBuildFile; fileRef = 9242705129EC134A004525F5 /* MainPresenter.swift */; };
		9242705529EC13A6004525F5 /* MainService.swift in Sources */ = {isa = PBXBuildFile; fileRef = 9242705429EC13A6004525F5 /* MainService.swift */; };
		9242705729EC13D1004525F5 /* MainViewIO.swift in Sources */ = {isa = PBXBuildFile; fileRef = 9242705629EC13D1004525F5 /* MainViewIO.swift */; };
		9242705929EC140D004525F5 /* MainModuleBuilder.swift in Sources */ = {isa = PBXBuildFile; fileRef = 9242705829EC140D004525F5 /* MainModuleBuilder.swift */; };
		9242705B29EC1D20004525F5 /* TabBarCoordinator.swift in Sources */ = {isa = PBXBuildFile; fileRef = 9242705A29EC1D20004525F5 /* TabBarCoordinator.swift */; };
		9242706029EC2457004525F5 /* LikesModuleBuilder.swift in Sources */ = {isa = PBXBuildFile; fileRef = 9242705F29EC2457004525F5 /* LikesModuleBuilder.swift */; };
		9242706229EC248C004525F5 /* LikesPresenter.swift in Sources */ = {isa = PBXBuildFile; fileRef = 9242706129EC248C004525F5 /* LikesPresenter.swift */; };
		9242706429EC24D8004525F5 /* LikesViewController.swift in Sources */ = {isa = PBXBuildFile; fileRef = 9242706329EC24D8004525F5 /* LikesViewController.swift */; };
		9242706629EC2518004525F5 /* LikesViewIO.swift in Sources */ = {isa = PBXBuildFile; fileRef = 9242706529EC2518004525F5 /* LikesViewIO.swift */; };
		9242706A29EC25B7004525F5 /* LikesService.swift in Sources */ = {isa = PBXBuildFile; fileRef = 9242706929EC25B7004525F5 /* LikesService.swift */; };
		9242706C29EC262E004525F5 /* LikesCoordinator.swift in Sources */ = {isa = PBXBuildFile; fileRef = 9242706B29EC262E004525F5 /* LikesCoordinator.swift */; };
		9242707129EC282C004525F5 /* YourRecipesModuleBuilder.swift in Sources */ = {isa = PBXBuildFile; fileRef = 9242707029EC282C004525F5 /* YourRecipesModuleBuilder.swift */; };
		9242707329EC2845004525F5 /* YourRecipesViewIO.swift in Sources */ = {isa = PBXBuildFile; fileRef = 9242707229EC2845004525F5 /* YourRecipesViewIO.swift */; };
		9242707529EC285E004525F5 /* YourRecipesViewController.swift in Sources */ = {isa = PBXBuildFile; fileRef = 9242707429EC285E004525F5 /* YourRecipesViewController.swift */; };
		9242707729EC28AA004525F5 /* YourRecipesPresenter.swift in Sources */ = {isa = PBXBuildFile; fileRef = 9242707629EC28AA004525F5 /* YourRecipesPresenter.swift */; };
		9242707A29EC2926004525F5 /* YourRecipesService.swift in Sources */ = {isa = PBXBuildFile; fileRef = 9242707929EC2926004525F5 /* YourRecipesService.swift */; };
		9242707C29EC295C004525F5 /* YourRecipesCoordinator.swift in Sources */ = {isa = PBXBuildFile; fileRef = 9242707B29EC295C004525F5 /* YourRecipesCoordinator.swift */; };
		9242708129EC2FAC004525F5 /* SettingsModuleBuilder.swift in Sources */ = {isa = PBXBuildFile; fileRef = 9242708029EC2FAC004525F5 /* SettingsModuleBuilder.swift */; };
		9242708329EC2FBB004525F5 /* SettingsViewIO.swift in Sources */ = {isa = PBXBuildFile; fileRef = 9242708229EC2FBB004525F5 /* SettingsViewIO.swift */; };
		9242708529EC301B004525F5 /* SettingsViewController.swift in Sources */ = {isa = PBXBuildFile; fileRef = 9242708429EC301B004525F5 /* SettingsViewController.swift */; };
		9242708729EC3055004525F5 /* SettingsPresenter.swift in Sources */ = {isa = PBXBuildFile; fileRef = 9242708629EC3055004525F5 /* SettingsPresenter.swift */; };
		9242708A29EC30BF004525F5 /* SettingsService.swift in Sources */ = {isa = PBXBuildFile; fileRef = 9242708929EC30BF004525F5 /* SettingsService.swift */; };
		9242708C29EC30EE004525F5 /* SettingsCoordinator.swift in Sources */ = {isa = PBXBuildFile; fileRef = 9242708B29EC30EE004525F5 /* SettingsCoordinator.swift */; };
		9242709B29EDD9DE004525F5 /* RecipeCollectionViewCell.swift in Sources */ = {isa = PBXBuildFile; fileRef = 9242709A29EDD9DE004525F5 /* RecipeCollectionViewCell.swift */; };
		9242709E29EDDA12004525F5 /* RecipeModel.swift in Sources */ = {isa = PBXBuildFile; fileRef = 9242709D29EDDA12004525F5 /* RecipeModel.swift */; };
		924270A029EDDCE7004525F5 /* Section.swift in Sources */ = {isa = PBXBuildFile; fileRef = 9242709F29EDDCE7004525F5 /* Section.swift */; };
		924270A429F11902004525F5 /* CollectionReusableView.swift in Sources */ = {isa = PBXBuildFile; fileRef = 924270A329F11902004525F5 /* CollectionReusableView.swift */; };
		924270A629F13048004525F5 /* testImage in Resources */ = {isa = PBXBuildFile; fileRef = 924270A529F13048004525F5 /* testImage */; };
		924270AB29F13E6F004525F5 /* RecipeViewIO.swift in Sources */ = {isa = PBXBuildFile; fileRef = 924270AA29F13E6F004525F5 /* RecipeViewIO.swift */; };
		924270AD29F13EA6004525F5 /* RecipeViewController.swift in Sources */ = {isa = PBXBuildFile; fileRef = 924270AC29F13EA6004525F5 /* RecipeViewController.swift */; };
		924270B129F13ECB004525F5 /* RecipePresenter.swift in Sources */ = {isa = PBXBuildFile; fileRef = 924270B029F13ECB004525F5 /* RecipePresenter.swift */; };
		924270B529F13F46004525F5 /* RecipeService.swift in Sources */ = {isa = PBXBuildFile; fileRef = 924270B429F13F46004525F5 /* RecipeService.swift */; };
		924270B729F13FA9004525F5 /* RecipeCoordinator.swift in Sources */ = {isa = PBXBuildFile; fileRef = 924270B629F13FA9004525F5 /* RecipeCoordinator.swift */; };
		924270B929F14016004525F5 /* RecipeModuleBuilder.swift in Sources */ = {isa = PBXBuildFile; fileRef = 924270B829F14016004525F5 /* RecipeModuleBuilder.swift */; };
		924270BB29F1733B004525F5 /* MacronutrientsLabel.swift in Sources */ = {isa = PBXBuildFile; fileRef = 924270BA29F1733B004525F5 /* MacronutrientsLabel.swift */; };
		924270BD29F186F1004525F5 /* IngridentLabel.swift in Sources */ = {isa = PBXBuildFile; fileRef = 924270BC29F186F1004525F5 /* IngridentLabel.swift */; };
		924270C729FA87B9004525F5 /* MethodLabel.swift in Sources */ = {isa = PBXBuildFile; fileRef = 924270C629FA87B9004525F5 /* MethodLabel.swift */; };
		924270F829FB9B3A004525F5 /* RecipeTableViewCell.swift in Sources */ = {isa = PBXBuildFile; fileRef = 924270F729FB9B3A004525F5 /* RecipeTableViewCell.swift */; };
		9286A7D929E44632003C7414 /* LoginViewIO.swift in Sources */ = {isa = PBXBuildFile; fileRef = 9286A7D829E44632003C7414 /* LoginViewIO.swift */; };
		9286A7DC29E452A5003C7414 /* GrayCommonTextField.swift in Sources */ = {isa = PBXBuildFile; fileRef = 9286A7DB29E452A5003C7414 /* GrayCommonTextField.swift */; };
		9286A7E029E46DA4003C7414 /* LoginPresenter.swift in Sources */ = {isa = PBXBuildFile; fileRef = 9286A7DF29E46DA4003C7414 /* LoginPresenter.swift */; };
		9286A7E229E4846C003C7414 /* LoginModuleBuilder.swift in Sources */ = {isa = PBXBuildFile; fileRef = 9286A7E129E4846C003C7414 /* LoginModuleBuilder.swift */; };
		9286A7E529E485E7003C7414 /* LoginService.swift in Sources */ = {isa = PBXBuildFile; fileRef = 9286A7E429E485E7003C7414 /* LoginService.swift */; };
		9286A7E929E48A35003C7414 /* ForgotPasswordCoordinator.swift in Sources */ = {isa = PBXBuildFile; fileRef = 9286A7E829E48A35003C7414 /* ForgotPasswordCoordinator.swift */; };
		9286A7EC29E48AA2003C7414 /* ForgotPasswordViewController.swift in Sources */ = {isa = PBXBuildFile; fileRef = 9286A7EB29E48AA2003C7414 /* ForgotPasswordViewController.swift */; };
		9286A7EF29E55CC4003C7414 /* ForgotPasswordPresenter.swift in Sources */ = {isa = PBXBuildFile; fileRef = 9286A7EE29E55CC4003C7414 /* ForgotPasswordPresenter.swift */; };
		9286A7F129E55CD0003C7414 /* ForgotPasswordViewIO.swift in Sources */ = {isa = PBXBuildFile; fileRef = 9286A7F029E55CD0003C7414 /* ForgotPasswordViewIO.swift */; };
		9286A7F429E55E18003C7414 /* ForgotPasswordService.swift in Sources */ = {isa = PBXBuildFile; fileRef = 9286A7F329E55E18003C7414 /* ForgotPasswordService.swift */; };
		9286A7F629E55F72003C7414 /* ForgotPasswordModuleBuilder.swift in Sources */ = {isa = PBXBuildFile; fileRef = 9286A7F529E55F72003C7414 /* ForgotPasswordModuleBuilder.swift */; };
		9286A7FA29E5AA28003C7414 /* MainCoordinator.swift in Sources */ = {isa = PBXBuildFile; fileRef = 9286A7F929E5AA28003C7414 /* MainCoordinator.swift */; };
		9286A7FD29E5AA97003C7414 /* MainViewController.swift in Sources */ = {isa = PBXBuildFile; fileRef = 9286A7FC29E5AA97003C7414 /* MainViewController.swift */; };
		9286A80329E6C6EC003C7414 /* CreateAccountModuleBuilder.swift in Sources */ = {isa = PBXBuildFile; fileRef = 9286A80229E6C6EC003C7414 /* CreateAccountModuleBuilder.swift */; };
		9286A80529E6C727003C7414 /* CreateAccountViewController.swift in Sources */ = {isa = PBXBuildFile; fileRef = 9286A80429E6C727003C7414 /* CreateAccountViewController.swift */; };
		9286A80729E6C744003C7414 /* CreateAccountViewIO.swift in Sources */ = {isa = PBXBuildFile; fileRef = 9286A80629E6C744003C7414 /* CreateAccountViewIO.swift */; };
		9286A80929E6C83B003C7414 /* CreateAccountPresenter.swift in Sources */ = {isa = PBXBuildFile; fileRef = 9286A80829E6C83B003C7414 /* CreateAccountPresenter.swift */; };
		9286A80C29E6C93B003C7414 /* CreateAccountService.swift in Sources */ = {isa = PBXBuildFile; fileRef = 9286A80B29E6C93B003C7414 /* CreateAccountService.swift */; };
		9286A80E29E6CA30003C7414 /* CreateAccountCoordinator.swift in Sources */ = {isa = PBXBuildFile; fileRef = 9286A80D29E6CA30003C7414 /* CreateAccountCoordinator.swift */; };
		9286A81129E6F499003C7414 /* LogoStackView.swift in Sources */ = {isa = PBXBuildFile; fileRef = 9286A81029E6F499003C7414 /* LogoStackView.swift */; };
		9286A81429E6FABD003C7414 /* TitleLabel.swift in Sources */ = {isa = PBXBuildFile; fileRef = 9286A81329E6FABD003C7414 /* TitleLabel.swift */; };
		92F429082A02EFD8005C722A /* CreateRecipeModulebuilder.swift in Sources */ = {isa = PBXBuildFile; fileRef = 92F429072A02EFD8005C722A /* CreateRecipeModulebuilder.swift */; };
		92F4290A2A02EFF3005C722A /* CreateRecipeViewController.swift in Sources */ = {isa = PBXBuildFile; fileRef = 92F429092A02EFF3005C722A /* CreateRecipeViewController.swift */; };
		92F4290C2A02F006005C722A /* CreateRecipeViewIO.swift in Sources */ = {isa = PBXBuildFile; fileRef = 92F4290B2A02F006005C722A /* CreateRecipeViewIO.swift */; };
		92F4290E2A02F016005C722A /* CreateRecipePresenter.swift in Sources */ = {isa = PBXBuildFile; fileRef = 92F4290D2A02F016005C722A /* CreateRecipePresenter.swift */; };
		92F429102A02F026005C722A /* CreateRecipeCoordinator.swift in Sources */ = {isa = PBXBuildFile; fileRef = 92F4290F2A02F026005C722A /* CreateRecipeCoordinator.swift */; };
		92F429132A02F1E2005C722A /* CreateRecipeService.swift in Sources */ = {isa = PBXBuildFile; fileRef = 92F429122A02F1E2005C722A /* CreateRecipeService.swift */; };
		92F429152A02FF7E005C722A /* CommonCreateTextField.swift in Sources */ = {isa = PBXBuildFile; fileRef = 92F429142A02FF7E005C722A /* CommonCreateTextField.swift */; };
		92F429172A030313005C722A /* CommonCreateLabel.swift in Sources */ = {isa = PBXBuildFile; fileRef = 92F429162A030313005C722A /* CommonCreateLabel.swift */; };
		92F4291A2A039291005C722A /* CommonHorizontalStackView.swift in Sources */ = {isa = PBXBuildFile; fileRef = 92F429192A039291005C722A /* CommonHorizontalStackView.swift */; };
		92F4291C2A03929F005C722A /* CommonVerticalStackVIew.swift in Sources */ = {isa = PBXBuildFile; fileRef = 92F4291B2A03929F005C722A /* CommonVerticalStackVIew.swift */; };
		92F4291F2A03A157005C722A /* CommonGrayTextView.swift in Sources */ = {isa = PBXBuildFile; fileRef = 92F4291E2A03A157005C722A /* CommonGrayTextView.swift */; };
		972A8C5829E7CAB50074B644 /* Images.xcassets in Resources */ = {isa = PBXBuildFile; fileRef = 972A8C5729E7CAB50074B644 /* Images.xcassets */; };
		972A8C5A29E7CAC20074B644 /* Colors.xcassets in Resources */ = {isa = PBXBuildFile; fileRef = 972A8C5929E7CAC20074B644 /* Colors.xcassets */; };
		972A8C6029E7D5900074B644 /* Strings+Generated.swift in Sources */ = {isa = PBXBuildFile; fileRef = 972A8C5E29E7D58F0074B644 /* Strings+Generated.swift */; };
		972A8C6129E7D5900074B644 /* XCAssets+Generated.swift in Sources */ = {isa = PBXBuildFile; fileRef = 972A8C5F29E7D58F0074B644 /* XCAssets+Generated.swift */; };
		972A8C7B29E9447D0074B644 /* Localizable.strings in Resources */ = {isa = PBXBuildFile; fileRef = 972A8C7D29E9447D0074B644 /* Localizable.strings */; };
		972A8C8229E9531A0074B644 /* LogoLabel.swift in Sources */ = {isa = PBXBuildFile; fileRef = 972A8C8129E9531A0074B644 /* LogoLabel.swift */; };
		975375C729DF25DC004A0EC8 /* UIStackView+Extensions.swift in Sources */ = {isa = PBXBuildFile; fileRef = 975375C629DF25DC004A0EC8 /* UIStackView+Extensions.swift */; };
		975375C929DF2BD2004A0EC8 /* AuthCoordinator.swift in Sources */ = {isa = PBXBuildFile; fileRef = 975375C829DF2BD2004A0EC8 /* AuthCoordinator.swift */; };
		975375CB29DF2E16004A0EC8 /* LoginCoordinator.swift in Sources */ = {isa = PBXBuildFile; fileRef = 975375CA29DF2E16004A0EC8 /* LoginCoordinator.swift */; };
		975375CF29DF339B004A0EC8 /* AuthService.swift in Sources */ = {isa = PBXBuildFile; fileRef = 975375CE29DF339B004A0EC8 /* AuthService.swift */; };
		975375D129DF3585004A0EC8 /* AppPresentationAssembly.swift in Sources */ = {isa = PBXBuildFile; fileRef = 975375D029DF3585004A0EC8 /* AppPresentationAssembly.swift */; };
		975375D329DF3628004A0EC8 /* AppServicesAssembly.swift in Sources */ = {isa = PBXBuildFile; fileRef = 975375D229DF3628004A0EC8 /* AppServicesAssembly.swift */; };
		975375D829E01773004A0EC8 /* BlueCommonButton.swift in Sources */ = {isa = PBXBuildFile; fileRef = 975375D729E01773004A0EC8 /* BlueCommonButton.swift */; };
		FFAB29900A5B6730141499D4 /* Pods_MealHelper.framework in Frameworks */ = {isa = PBXBuildFile; fileRef = 9B5FB2DED421FF16007E9CB5 /* Pods_MealHelper.framework */; };
/* End PBXBuildFile section */

/* Begin PBXFileReference section */
		2762A795EE51ADDD3B7DC5E4 /* Pods-MealHelper.debug.xcconfig */ = {isa = PBXFileReference; includeInIndex = 1; lastKnownFileType = text.xcconfig; name = "Pods-MealHelper.debug.xcconfig"; path = "Target Support Files/Pods-MealHelper/Pods-MealHelper.debug.xcconfig"; sourceTree = "<group>"; };
		9226DB8D29D4CCD50078A630 /* MealHelper.app */ = {isa = PBXFileReference; explicitFileType = wrapper.application; includeInIndex = 0; path = MealHelper.app; sourceTree = BUILT_PRODUCTS_DIR; };
		9226DB9029D4CCD50078A630 /* AppDelegate.swift */ = {isa = PBXFileReference; lastKnownFileType = sourcecode.swift; path = AppDelegate.swift; sourceTree = "<group>"; };
		9226DB9229D4CCD50078A630 /* SceneDelegate.swift */ = {isa = PBXFileReference; lastKnownFileType = sourcecode.swift; path = SceneDelegate.swift; sourceTree = "<group>"; };
		9226DB9429D4CCD50078A630 /* AuthViewController.swift */ = {isa = PBXFileReference; lastKnownFileType = sourcecode.swift; path = AuthViewController.swift; sourceTree = "<group>"; };
		9226DB9A29D4CCD50078A630 /* MealHelper.xcdatamodel */ = {isa = PBXFileReference; lastKnownFileType = wrapper.xcdatamodel; path = MealHelper.xcdatamodel; sourceTree = "<group>"; };
		9226DB9F29D4CCD50078A630 /* Base */ = {isa = PBXFileReference; lastKnownFileType = file.storyboard; name = Base; path = Base.lproj/LaunchScreen.storyboard; sourceTree = "<group>"; };
		9226DBA129D4CCD50078A630 /* Info.plist */ = {isa = PBXFileReference; lastKnownFileType = text.plist.xml; path = Info.plist; sourceTree = "<group>"; };
		9226DBCC29DECDB80078A630 /* AuthPresenter.swift */ = {isa = PBXFileReference; lastKnownFileType = sourcecode.swift; path = AuthPresenter.swift; sourceTree = "<group>"; };
		9226DBCE29DECE370078A630 /* AuthViewIO.swift */ = {isa = PBXFileReference; lastKnownFileType = sourcecode.swift; path = AuthViewIO.swift; sourceTree = "<group>"; };
		9226DBD029DECFF40078A630 /* AppCoordinator.swift */ = {isa = PBXFileReference; lastKnownFileType = sourcecode.swift; path = AppCoordinator.swift; sourceTree = "<group>"; };
		9226DBD329DEDAAB0078A630 /* AuthModuleBuilder.swift */ = {isa = PBXFileReference; lastKnownFileType = sourcecode.swift; path = AuthModuleBuilder.swift; sourceTree = "<group>"; };
		9226DBD629DEE1220078A630 /* LoginViewController.swift */ = {isa = PBXFileReference; lastKnownFileType = sourcecode.swift; path = LoginViewController.swift; sourceTree = "<group>"; };
		9242704A29EC0F1C004525F5 /* TabBarViewController.swift */ = {isa = PBXFileReference; lastKnownFileType = sourcecode.swift; path = TabBarViewController.swift; sourceTree = "<group>"; };
		9242705129EC134A004525F5 /* MainPresenter.swift */ = {isa = PBXFileReference; lastKnownFileType = sourcecode.swift; path = MainPresenter.swift; sourceTree = "<group>"; };
		9242705429EC13A6004525F5 /* MainService.swift */ = {isa = PBXFileReference; lastKnownFileType = sourcecode.swift; path = MainService.swift; sourceTree = "<group>"; };
		9242705629EC13D1004525F5 /* MainViewIO.swift */ = {isa = PBXFileReference; lastKnownFileType = sourcecode.swift; path = MainViewIO.swift; sourceTree = "<group>"; };
		9242705829EC140D004525F5 /* MainModuleBuilder.swift */ = {isa = PBXFileReference; lastKnownFileType = sourcecode.swift; path = MainModuleBuilder.swift; sourceTree = "<group>"; };
		9242705A29EC1D20004525F5 /* TabBarCoordinator.swift */ = {isa = PBXFileReference; lastKnownFileType = sourcecode.swift; path = TabBarCoordinator.swift; sourceTree = "<group>"; };
		9242705F29EC2457004525F5 /* LikesModuleBuilder.swift */ = {isa = PBXFileReference; lastKnownFileType = sourcecode.swift; path = LikesModuleBuilder.swift; sourceTree = "<group>"; };
		9242706129EC248C004525F5 /* LikesPresenter.swift */ = {isa = PBXFileReference; lastKnownFileType = sourcecode.swift; path = LikesPresenter.swift; sourceTree = "<group>"; };
		9242706329EC24D8004525F5 /* LikesViewController.swift */ = {isa = PBXFileReference; lastKnownFileType = sourcecode.swift; path = LikesViewController.swift; sourceTree = "<group>"; };
		9242706529EC2518004525F5 /* LikesViewIO.swift */ = {isa = PBXFileReference; lastKnownFileType = sourcecode.swift; path = LikesViewIO.swift; sourceTree = "<group>"; };
		9242706929EC25B7004525F5 /* LikesService.swift */ = {isa = PBXFileReference; lastKnownFileType = sourcecode.swift; path = LikesService.swift; sourceTree = "<group>"; };
		9242706B29EC262E004525F5 /* LikesCoordinator.swift */ = {isa = PBXFileReference; lastKnownFileType = sourcecode.swift; path = LikesCoordinator.swift; sourceTree = "<group>"; };
		9242707029EC282C004525F5 /* YourRecipesModuleBuilder.swift */ = {isa = PBXFileReference; lastKnownFileType = sourcecode.swift; path = YourRecipesModuleBuilder.swift; sourceTree = "<group>"; };
		9242707229EC2845004525F5 /* YourRecipesViewIO.swift */ = {isa = PBXFileReference; lastKnownFileType = sourcecode.swift; path = YourRecipesViewIO.swift; sourceTree = "<group>"; };
		9242707429EC285E004525F5 /* YourRecipesViewController.swift */ = {isa = PBXFileReference; lastKnownFileType = sourcecode.swift; path = YourRecipesViewController.swift; sourceTree = "<group>"; };
		9242707629EC28AA004525F5 /* YourRecipesPresenter.swift */ = {isa = PBXFileReference; lastKnownFileType = sourcecode.swift; path = YourRecipesPresenter.swift; sourceTree = "<group>"; };
		9242707929EC2926004525F5 /* YourRecipesService.swift */ = {isa = PBXFileReference; lastKnownFileType = sourcecode.swift; path = YourRecipesService.swift; sourceTree = "<group>"; };
		9242707B29EC295C004525F5 /* YourRecipesCoordinator.swift */ = {isa = PBXFileReference; lastKnownFileType = sourcecode.swift; path = YourRecipesCoordinator.swift; sourceTree = "<group>"; };
		9242708029EC2FAC004525F5 /* SettingsModuleBuilder.swift */ = {isa = PBXFileReference; lastKnownFileType = sourcecode.swift; path = SettingsModuleBuilder.swift; sourceTree = "<group>"; };
		9242708229EC2FBB004525F5 /* SettingsViewIO.swift */ = {isa = PBXFileReference; lastKnownFileType = sourcecode.swift; path = SettingsViewIO.swift; sourceTree = "<group>"; };
		9242708429EC301B004525F5 /* SettingsViewController.swift */ = {isa = PBXFileReference; lastKnownFileType = sourcecode.swift; path = SettingsViewController.swift; sourceTree = "<group>"; };
		9242708629EC3055004525F5 /* SettingsPresenter.swift */ = {isa = PBXFileReference; lastKnownFileType = sourcecode.swift; path = SettingsPresenter.swift; sourceTree = "<group>"; };
		9242708929EC30BF004525F5 /* SettingsService.swift */ = {isa = PBXFileReference; lastKnownFileType = sourcecode.swift; path = SettingsService.swift; sourceTree = "<group>"; };
		9242708B29EC30EE004525F5 /* SettingsCoordinator.swift */ = {isa = PBXFileReference; lastKnownFileType = sourcecode.swift; path = SettingsCoordinator.swift; sourceTree = "<group>"; };
		9242709A29EDD9DE004525F5 /* RecipeCollectionViewCell.swift */ = {isa = PBXFileReference; lastKnownFileType = sourcecode.swift; path = RecipeCollectionViewCell.swift; sourceTree = "<group>"; };
		9242709D29EDDA12004525F5 /* RecipeModel.swift */ = {isa = PBXFileReference; lastKnownFileType = sourcecode.swift; path = RecipeModel.swift; sourceTree = "<group>"; };
		9242709F29EDDCE7004525F5 /* Section.swift */ = {isa = PBXFileReference; lastKnownFileType = sourcecode.swift; path = Section.swift; sourceTree = "<group>"; };
		924270A329F11902004525F5 /* CollectionReusableView.swift */ = {isa = PBXFileReference; lastKnownFileType = sourcecode.swift; path = CollectionReusableView.swift; sourceTree = "<group>"; };
		924270A529F13048004525F5 /* testImage */ = {isa = PBXFileReference; lastKnownFileType = file; name = testImage; path = ../../../../../Downloads/testImage; sourceTree = "<group>"; };
		924270AA29F13E6F004525F5 /* RecipeViewIO.swift */ = {isa = PBXFileReference; lastKnownFileType = sourcecode.swift; path = RecipeViewIO.swift; sourceTree = "<group>"; };
		924270AC29F13EA6004525F5 /* RecipeViewController.swift */ = {isa = PBXFileReference; lastKnownFileType = sourcecode.swift; path = RecipeViewController.swift; sourceTree = "<group>"; };
		924270B029F13ECB004525F5 /* RecipePresenter.swift */ = {isa = PBXFileReference; lastKnownFileType = sourcecode.swift; path = RecipePresenter.swift; sourceTree = "<group>"; };
		924270B429F13F46004525F5 /* RecipeService.swift */ = {isa = PBXFileReference; lastKnownFileType = sourcecode.swift; path = RecipeService.swift; sourceTree = "<group>"; };
		924270B629F13FA9004525F5 /* RecipeCoordinator.swift */ = {isa = PBXFileReference; lastKnownFileType = sourcecode.swift; path = RecipeCoordinator.swift; sourceTree = "<group>"; };
		924270B829F14016004525F5 /* RecipeModuleBuilder.swift */ = {isa = PBXFileReference; lastKnownFileType = sourcecode.swift; path = RecipeModuleBuilder.swift; sourceTree = "<group>"; };
		924270BA29F1733B004525F5 /* MacronutrientsLabel.swift */ = {isa = PBXFileReference; lastKnownFileType = sourcecode.swift; path = MacronutrientsLabel.swift; sourceTree = "<group>"; };
		924270BC29F186F1004525F5 /* IngridentLabel.swift */ = {isa = PBXFileReference; lastKnownFileType = sourcecode.swift; path = IngridentLabel.swift; sourceTree = "<group>"; };
		924270C629FA87B9004525F5 /* MethodLabel.swift */ = {isa = PBXFileReference; lastKnownFileType = sourcecode.swift; path = MethodLabel.swift; sourceTree = "<group>"; };
		924270F729FB9B3A004525F5 /* RecipeTableViewCell.swift */ = {isa = PBXFileReference; lastKnownFileType = sourcecode.swift; path = RecipeTableViewCell.swift; sourceTree = "<group>"; };
		9286A7D829E44632003C7414 /* LoginViewIO.swift */ = {isa = PBXFileReference; lastKnownFileType = sourcecode.swift; path = LoginViewIO.swift; sourceTree = "<group>"; };
		9286A7DB29E452A5003C7414 /* GrayCommonTextField.swift */ = {isa = PBXFileReference; lastKnownFileType = sourcecode.swift; path = GrayCommonTextField.swift; sourceTree = "<group>"; };
		9286A7DF29E46DA4003C7414 /* LoginPresenter.swift */ = {isa = PBXFileReference; lastKnownFileType = sourcecode.swift; path = LoginPresenter.swift; sourceTree = "<group>"; };
		9286A7E129E4846C003C7414 /* LoginModuleBuilder.swift */ = {isa = PBXFileReference; lastKnownFileType = sourcecode.swift; path = LoginModuleBuilder.swift; sourceTree = "<group>"; };
		9286A7E429E485E7003C7414 /* LoginService.swift */ = {isa = PBXFileReference; lastKnownFileType = sourcecode.swift; path = LoginService.swift; sourceTree = "<group>"; };
		9286A7E829E48A35003C7414 /* ForgotPasswordCoordinator.swift */ = {isa = PBXFileReference; lastKnownFileType = sourcecode.swift; path = ForgotPasswordCoordinator.swift; sourceTree = "<group>"; };
		9286A7EB29E48AA2003C7414 /* ForgotPasswordViewController.swift */ = {isa = PBXFileReference; lastKnownFileType = sourcecode.swift; path = ForgotPasswordViewController.swift; sourceTree = "<group>"; };
		9286A7EE29E55CC4003C7414 /* ForgotPasswordPresenter.swift */ = {isa = PBXFileReference; lastKnownFileType = sourcecode.swift; path = ForgotPasswordPresenter.swift; sourceTree = "<group>"; };
		9286A7F029E55CD0003C7414 /* ForgotPasswordViewIO.swift */ = {isa = PBXFileReference; lastKnownFileType = sourcecode.swift; path = ForgotPasswordViewIO.swift; sourceTree = "<group>"; };
		9286A7F329E55E18003C7414 /* ForgotPasswordService.swift */ = {isa = PBXFileReference; lastKnownFileType = sourcecode.swift; path = ForgotPasswordService.swift; sourceTree = "<group>"; };
		9286A7F529E55F72003C7414 /* ForgotPasswordModuleBuilder.swift */ = {isa = PBXFileReference; lastKnownFileType = sourcecode.swift; path = ForgotPasswordModuleBuilder.swift; sourceTree = "<group>"; };
		9286A7F929E5AA28003C7414 /* MainCoordinator.swift */ = {isa = PBXFileReference; lastKnownFileType = sourcecode.swift; path = MainCoordinator.swift; sourceTree = "<group>"; };
		9286A7FC29E5AA97003C7414 /* MainViewController.swift */ = {isa = PBXFileReference; lastKnownFileType = sourcecode.swift; path = MainViewController.swift; sourceTree = "<group>"; };
		9286A80229E6C6EC003C7414 /* CreateAccountModuleBuilder.swift */ = {isa = PBXFileReference; lastKnownFileType = sourcecode.swift; path = CreateAccountModuleBuilder.swift; sourceTree = "<group>"; };
		9286A80429E6C727003C7414 /* CreateAccountViewController.swift */ = {isa = PBXFileReference; lastKnownFileType = sourcecode.swift; path = CreateAccountViewController.swift; sourceTree = "<group>"; };
		9286A80629E6C744003C7414 /* CreateAccountViewIO.swift */ = {isa = PBXFileReference; lastKnownFileType = sourcecode.swift; path = CreateAccountViewIO.swift; sourceTree = "<group>"; };
		9286A80829E6C83B003C7414 /* CreateAccountPresenter.swift */ = {isa = PBXFileReference; lastKnownFileType = sourcecode.swift; path = CreateAccountPresenter.swift; sourceTree = "<group>"; };
		9286A80B29E6C93B003C7414 /* CreateAccountService.swift */ = {isa = PBXFileReference; lastKnownFileType = sourcecode.swift; path = CreateAccountService.swift; sourceTree = "<group>"; };
		9286A80D29E6CA30003C7414 /* CreateAccountCoordinator.swift */ = {isa = PBXFileReference; lastKnownFileType = sourcecode.swift; path = CreateAccountCoordinator.swift; sourceTree = "<group>"; };
		9286A81029E6F499003C7414 /* LogoStackView.swift */ = {isa = PBXFileReference; lastKnownFileType = sourcecode.swift; path = LogoStackView.swift; sourceTree = "<group>"; };
		9286A81329E6FABD003C7414 /* TitleLabel.swift */ = {isa = PBXFileReference; lastKnownFileType = sourcecode.swift; path = TitleLabel.swift; sourceTree = "<group>"; };
		92F429072A02EFD8005C722A /* CreateRecipeModulebuilder.swift */ = {isa = PBXFileReference; lastKnownFileType = sourcecode.swift; path = CreateRecipeModulebuilder.swift; sourceTree = "<group>"; };
		92F429092A02EFF3005C722A /* CreateRecipeViewController.swift */ = {isa = PBXFileReference; lastKnownFileType = sourcecode.swift; path = CreateRecipeViewController.swift; sourceTree = "<group>"; };
		92F4290B2A02F006005C722A /* CreateRecipeViewIO.swift */ = {isa = PBXFileReference; lastKnownFileType = sourcecode.swift; path = CreateRecipeViewIO.swift; sourceTree = "<group>"; };
		92F4290D2A02F016005C722A /* CreateRecipePresenter.swift */ = {isa = PBXFileReference; lastKnownFileType = sourcecode.swift; path = CreateRecipePresenter.swift; sourceTree = "<group>"; };
		92F4290F2A02F026005C722A /* CreateRecipeCoordinator.swift */ = {isa = PBXFileReference; lastKnownFileType = sourcecode.swift; path = CreateRecipeCoordinator.swift; sourceTree = "<group>"; };
		92F429122A02F1E2005C722A /* CreateRecipeService.swift */ = {isa = PBXFileReference; lastKnownFileType = sourcecode.swift; path = CreateRecipeService.swift; sourceTree = "<group>"; };
		92F429142A02FF7E005C722A /* CommonCreateTextField.swift */ = {isa = PBXFileReference; lastKnownFileType = sourcecode.swift; path = CommonCreateTextField.swift; sourceTree = "<group>"; };
		92F429162A030313005C722A /* CommonCreateLabel.swift */ = {isa = PBXFileReference; lastKnownFileType = sourcecode.swift; path = CommonCreateLabel.swift; sourceTree = "<group>"; };
		92F429192A039291005C722A /* CommonHorizontalStackView.swift */ = {isa = PBXFileReference; lastKnownFileType = sourcecode.swift; path = CommonHorizontalStackView.swift; sourceTree = "<group>"; };
		92F4291B2A03929F005C722A /* CommonVerticalStackVIew.swift */ = {isa = PBXFileReference; lastKnownFileType = sourcecode.swift; path = CommonVerticalStackVIew.swift; sourceTree = "<group>"; };
		92F4291E2A03A157005C722A /* CommonGrayTextView.swift */ = {isa = PBXFileReference; lastKnownFileType = sourcecode.swift; path = CommonGrayTextView.swift; sourceTree = "<group>"; };
		972A8C5729E7CAB50074B644 /* Images.xcassets */ = {isa = PBXFileReference; lastKnownFileType = folder.assetcatalog; path = Images.xcassets; sourceTree = "<group>"; };
		972A8C5929E7CAC20074B644 /* Colors.xcassets */ = {isa = PBXFileReference; lastKnownFileType = folder.assetcatalog; path = Colors.xcassets; sourceTree = "<group>"; };
		972A8C5E29E7D58F0074B644 /* Strings+Generated.swift */ = {isa = PBXFileReference; fileEncoding = 4; lastKnownFileType = sourcecode.swift; path = "Strings+Generated.swift"; sourceTree = "<group>"; };
		972A8C5F29E7D58F0074B644 /* XCAssets+Generated.swift */ = {isa = PBXFileReference; fileEncoding = 4; lastKnownFileType = sourcecode.swift; path = "XCAssets+Generated.swift"; sourceTree = "<group>"; };
		972A8C7C29E9447D0074B644 /* en */ = {isa = PBXFileReference; lastKnownFileType = text.plist.strings; name = en; path = en.lproj/Localizable.strings; sourceTree = "<group>"; };
		972A8C7E29E944980074B644 /* ru */ = {isa = PBXFileReference; lastKnownFileType = text.plist.strings; name = ru; path = ru.lproj/Localizable.strings; sourceTree = "<group>"; };
		972A8C8129E9531A0074B644 /* LogoLabel.swift */ = {isa = PBXFileReference; lastKnownFileType = sourcecode.swift; path = LogoLabel.swift; sourceTree = "<group>"; };
		975375C629DF25DC004A0EC8 /* UIStackView+Extensions.swift */ = {isa = PBXFileReference; lastKnownFileType = sourcecode.swift; path = "UIStackView+Extensions.swift"; sourceTree = "<group>"; };
		975375C829DF2BD2004A0EC8 /* AuthCoordinator.swift */ = {isa = PBXFileReference; lastKnownFileType = sourcecode.swift; path = AuthCoordinator.swift; sourceTree = "<group>"; };
		975375CA29DF2E16004A0EC8 /* LoginCoordinator.swift */ = {isa = PBXFileReference; lastKnownFileType = sourcecode.swift; path = LoginCoordinator.swift; sourceTree = "<group>"; };
		975375CE29DF339B004A0EC8 /* AuthService.swift */ = {isa = PBXFileReference; lastKnownFileType = sourcecode.swift; path = AuthService.swift; sourceTree = "<group>"; };
		975375D029DF3585004A0EC8 /* AppPresentationAssembly.swift */ = {isa = PBXFileReference; lastKnownFileType = sourcecode.swift; path = AppPresentationAssembly.swift; sourceTree = "<group>"; };
		975375D229DF3628004A0EC8 /* AppServicesAssembly.swift */ = {isa = PBXFileReference; lastKnownFileType = sourcecode.swift; path = AppServicesAssembly.swift; sourceTree = "<group>"; };
		975375D729E01773004A0EC8 /* BlueCommonButton.swift */ = {isa = PBXFileReference; lastKnownFileType = sourcecode.swift; path = BlueCommonButton.swift; sourceTree = "<group>"; };
		9B5FB2DED421FF16007E9CB5 /* Pods_MealHelper.framework */ = {isa = PBXFileReference; explicitFileType = wrapper.framework; includeInIndex = 0; path = Pods_MealHelper.framework; sourceTree = BUILT_PRODUCTS_DIR; };
		AB0815BA243AB13F0EE039C6 /* Pods-MealHelper.release.xcconfig */ = {isa = PBXFileReference; includeInIndex = 1; lastKnownFileType = text.xcconfig; name = "Pods-MealHelper.release.xcconfig"; path = "Target Support Files/Pods-MealHelper/Pods-MealHelper.release.xcconfig"; sourceTree = "<group>"; };
/* End PBXFileReference section */

/* Begin PBXFrameworksBuildPhase section */
		9226DB8A29D4CCD50078A630 /* Frameworks */ = {
			isa = PBXFrameworksBuildPhase;
			buildActionMask = 2147483647;
			files = (
				FFAB29900A5B6730141499D4 /* Pods_MealHelper.framework in Frameworks */,
			);
			runOnlyForDeploymentPostprocessing = 0;
		};
/* End PBXFrameworksBuildPhase section */

/* Begin PBXGroup section */
		9226DB8429D4CCD50078A630 = {
			isa = PBXGroup;
			children = (
				9226DB8F29D4CCD50078A630 /* MealHelper */,
				9226DB8E29D4CCD50078A630 /* Products */,
				C46966EB99460B295C702B6D /* Pods */,
				F03EE6F16E859E0B5FD841C9 /* Frameworks */,
			);
			sourceTree = "<group>";
		};
		9226DB8E29D4CCD50078A630 /* Products */ = {
			isa = PBXGroup;
			children = (
				9226DB8D29D4CCD50078A630 /* MealHelper.app */,
			);
			name = Products;
			sourceTree = "<group>";
		};
		9226DB8F29D4CCD50078A630 /* MealHelper */ = {
			isa = PBXGroup;
			children = (
				9242709C29EDDA06004525F5 /* Model */,
				972A8C5D29E7D58F0074B644 /* Generated */,
				972A8C5629E7CAA70074B644 /* Resources */,
				975375D529E01757004A0EC8 /* Components */,
				975375C529DF25B1004A0EC8 /* Extensions */,
				975375CC29DF3377004A0EC8 /* Services */,
				9226DBC829DECD640078A630 /* Modules */,
				9226DB9029D4CCD50078A630 /* AppDelegate.swift */,
				9226DBD029DECFF40078A630 /* AppCoordinator.swift */,
				975375D229DF3628004A0EC8 /* AppServicesAssembly.swift */,
				975375D029DF3585004A0EC8 /* AppPresentationAssembly.swift */,
				9226DB9229D4CCD50078A630 /* SceneDelegate.swift */,
				9226DB9E29D4CCD50078A630 /* LaunchScreen.storyboard */,
				9226DBA129D4CCD50078A630 /* Info.plist */,
				9226DB9929D4CCD50078A630 /* MealHelper.xcdatamodeld */,
			);
			path = MealHelper;
			sourceTree = "<group>";
		};
		9226DBC829DECD640078A630 /* Modules */ = {
			isa = PBXGroup;
			children = (
				924270A529F13048004525F5 /* testImage */,
				972A8C8329E957150074B644 /* Entrance */,
				9286A7F729E5A9F9003C7414 /* Main */,
			);
			path = Modules;
			sourceTree = "<group>";
		};
		9226DBC929DECD7A0078A630 /* Auth */ = {
			isa = PBXGroup;
			children = (
				975375D429E00F01004A0EC8 /* Coordinator */,
				9226DBCA29DECD8D0078A630 /* Presenter */,
				9226DBCB29DECD960078A630 /* View */,
				9226DBD329DEDAAB0078A630 /* AuthModuleBuilder.swift */,
			);
			path = Auth;
			sourceTree = "<group>";
		};
		9226DBCA29DECD8D0078A630 /* Presenter */ = {
			isa = PBXGroup;
			children = (
				9226DBCC29DECDB80078A630 /* AuthPresenter.swift */,
			);
			path = Presenter;
			sourceTree = "<group>";
		};
		9226DBCB29DECD960078A630 /* View */ = {
			isa = PBXGroup;
			children = (
				9226DB9429D4CCD50078A630 /* AuthViewController.swift */,
				9226DBCE29DECE370078A630 /* AuthViewIO.swift */,
			);
			path = View;
			sourceTree = "<group>";
		};
		9226DBD529DEE10C0078A630 /* Login */ = {
			isa = PBXGroup;
			children = (
				9286A7DD29E46D59003C7414 /* Coordinator */,
				9286A7DE29E46D8F003C7414 /* Presenter */,
				9286A7D729E4461A003C7414 /* View */,
				9286A7E129E4846C003C7414 /* LoginModuleBuilder.swift */,
			);
			path = Login;
			sourceTree = "<group>";
		};
		9242704929EC0909004525F5 /* TabBar */ = {
			isa = PBXGroup;
			children = (
				9242708D29EC3326004525F5 /* Coordinator */,
				9242704A29EC0F1C004525F5 /* TabBarViewController.swift */,
			);
			path = TabBar;
			sourceTree = "<group>";
		};
		9242704C29EC1239004525F5 /* Main */ = {
			isa = PBXGroup;
			children = (
				924270A729F13DF2004525F5 /* Recipe */,
				924270A829F13E09004525F5 /* Main */,
			);
			path = Main;
			sourceTree = "<group>";
		};
		9242704D29EC123F004525F5 /* Likes */ = {
			isa = PBXGroup;
			children = (
				9242705E29EC2437004525F5 /* Coordinator */,
				9242705D29EC242E004525F5 /* Presenter */,
				9242705C29EC2425004525F5 /* View */,
				9242705F29EC2457004525F5 /* LikesModuleBuilder.swift */,
			);
			path = Likes;
			sourceTree = "<group>";
		};
		9242704E29EC1245004525F5 /* Settings */ = {
			isa = PBXGroup;
			children = (
				9242707F29EC2F6E004525F5 /* Coordinator */,
				9242707E29EC2F62004525F5 /* Presenter */,
				9242707D29EC2F5D004525F5 /* View */,
				9242708029EC2FAC004525F5 /* SettingsModuleBuilder.swift */,
			);
			path = Settings;
			sourceTree = "<group>";
		};
		9242704F29EC124B004525F5 /* YourRecipes */ = {
			isa = PBXGroup;
			children = (
				92F429032A02EFA8005C722A /* CreateRecipe */,
				92F429022A02EF76005C722A /* YourRecipe */,
			);
			path = YourRecipes;
			sourceTree = "<group>";
		};
		9242705029EC1336004525F5 /* Presenter */ = {
			isa = PBXGroup;
			children = (
				9242705129EC134A004525F5 /* MainPresenter.swift */,
			);
			path = Presenter;
			sourceTree = "<group>";
		};
		9242705329EC1392004525F5 /* Main */ = {
			isa = PBXGroup;
			children = (
				9242705429EC13A6004525F5 /* MainService.swift */,
			);
			path = Main;
			sourceTree = "<group>";
		};
		9242705C29EC2425004525F5 /* View */ = {
			isa = PBXGroup;
			children = (
				9242706329EC24D8004525F5 /* LikesViewController.swift */,
				9242706529EC2518004525F5 /* LikesViewIO.swift */,
				924270F729FB9B3A004525F5 /* RecipeTableViewCell.swift */,
			);
			path = View;
			sourceTree = "<group>";
		};
		9242705D29EC242E004525F5 /* Presenter */ = {
			isa = PBXGroup;
			children = (
				9242706129EC248C004525F5 /* LikesPresenter.swift */,
			);
			path = Presenter;
			sourceTree = "<group>";
		};
		9242705E29EC2437004525F5 /* Coordinator */ = {
			isa = PBXGroup;
			children = (
				9242706B29EC262E004525F5 /* LikesCoordinator.swift */,
			);
			path = Coordinator;
			sourceTree = "<group>";
		};
		9242706729EC25A4004525F5 /* Likes */ = {
			isa = PBXGroup;
			children = (
				9242706929EC25B7004525F5 /* LikesService.swift */,
			);
			path = Likes;
			sourceTree = "<group>";
		};
		9242706D29EC27FC004525F5 /* View */ = {
			isa = PBXGroup;
			children = (
				9242707429EC285E004525F5 /* YourRecipesViewController.swift */,
				9242707229EC2845004525F5 /* YourRecipesViewIO.swift */,
			);
			path = View;
			sourceTree = "<group>";
		};
		9242706E29EC2805004525F5 /* Presenter */ = {
			isa = PBXGroup;
			children = (
				9242707629EC28AA004525F5 /* YourRecipesPresenter.swift */,
			);
			path = Presenter;
			sourceTree = "<group>";
		};
		9242706F29EC280B004525F5 /* Coordinator */ = {
			isa = PBXGroup;
			children = (
				9242707B29EC295C004525F5 /* YourRecipesCoordinator.swift */,
			);
			path = Coordinator;
			sourceTree = "<group>";
		};
		9242707829EC2914004525F5 /* YourRecipes */ = {
			isa = PBXGroup;
			children = (
				9242707929EC2926004525F5 /* YourRecipesService.swift */,
			);
			path = YourRecipes;
			sourceTree = "<group>";
		};
		9242707D29EC2F5D004525F5 /* View */ = {
			isa = PBXGroup;
			children = (
				9242708229EC2FBB004525F5 /* SettingsViewIO.swift */,
				9242708429EC301B004525F5 /* SettingsViewController.swift */,
			);
			path = View;
			sourceTree = "<group>";
		};
		9242707E29EC2F62004525F5 /* Presenter */ = {
			isa = PBXGroup;
			children = (
				9242708629EC3055004525F5 /* SettingsPresenter.swift */,
			);
			path = Presenter;
			sourceTree = "<group>";
		};
		9242707F29EC2F6E004525F5 /* Coordinator */ = {
			isa = PBXGroup;
			children = (
				9242708B29EC30EE004525F5 /* SettingsCoordinator.swift */,
			);
			path = Coordinator;
			sourceTree = "<group>";
		};
		9242708829EC30B2004525F5 /* Settings */ = {
			isa = PBXGroup;
			children = (
				9242708929EC30BF004525F5 /* SettingsService.swift */,
			);
			path = Settings;
			sourceTree = "<group>";
		};
		9242708D29EC3326004525F5 /* Coordinator */ = {
			isa = PBXGroup;
			children = (
				9242705A29EC1D20004525F5 /* TabBarCoordinator.swift */,
			);
			path = Coordinator;
			sourceTree = "<group>";
		};
		9242709C29EDDA06004525F5 /* Model */ = {
			isa = PBXGroup;
			children = (
				9242709D29EDDA12004525F5 /* RecipeModel.swift */,
				9242709F29EDDCE7004525F5 /* Section.swift */,
			);
			path = Model;
			sourceTree = "<group>";
		};
		924270A729F13DF2004525F5 /* Recipe */ = {
			isa = PBXGroup;
			children = (
				924270AF29F13EB7004525F5 /* Coordinator */,
				924270AE29F13EAE004525F5 /* Presenter */,
				924270A929F13E52004525F5 /* View */,
				924270B829F14016004525F5 /* RecipeModuleBuilder.swift */,
			);
			path = Recipe;
			sourceTree = "<group>";
		};
		924270A829F13E09004525F5 /* Main */ = {
			isa = PBXGroup;
			children = (
				9286A7F829E5AA0A003C7414 /* Coordinator */,
				9242705029EC1336004525F5 /* Presenter */,
				9286A7FB29E5AA77003C7414 /* View */,
				9242705829EC140D004525F5 /* MainModuleBuilder.swift */,
			);
			path = Main;
			sourceTree = "<group>";
		};
		924270A929F13E52004525F5 /* View */ = {
			isa = PBXGroup;
			children = (
				924270AC29F13EA6004525F5 /* RecipeViewController.swift */,
				924270AA29F13E6F004525F5 /* RecipeViewIO.swift */,
			);
			path = View;
			sourceTree = "<group>";
		};
		924270AE29F13EAE004525F5 /* Presenter */ = {
			isa = PBXGroup;
			children = (
				924270B029F13ECB004525F5 /* RecipePresenter.swift */,
			);
			path = Presenter;
			sourceTree = "<group>";
		};
		924270AF29F13EB7004525F5 /* Coordinator */ = {
			isa = PBXGroup;
			children = (
				924270B629F13FA9004525F5 /* RecipeCoordinator.swift */,
			);
			path = Coordinator;
			sourceTree = "<group>";
		};
		924270B229F13F32004525F5 /* Recipe */ = {
			isa = PBXGroup;
			children = (
				924270B429F13F46004525F5 /* RecipeService.swift */,
			);
			path = Recipe;
			sourceTree = "<group>";
		};
		9286A7D729E4461A003C7414 /* View */ = {
			isa = PBXGroup;
			children = (
				9226DBD629DEE1220078A630 /* LoginViewController.swift */,
				9286A7D829E44632003C7414 /* LoginViewIO.swift */,
			);
			path = View;
			sourceTree = "<group>";
		};
		9286A7DA29E4527C003C7414 /* TextFields */ = {
			isa = PBXGroup;
			children = (
				9286A7DB29E452A5003C7414 /* GrayCommonTextField.swift */,
				92F429142A02FF7E005C722A /* CommonCreateTextField.swift */,
			);
			path = TextFields;
			sourceTree = "<group>";
		};
		9286A7DD29E46D59003C7414 /* Coordinator */ = {
			isa = PBXGroup;
			children = (
				975375CA29DF2E16004A0EC8 /* LoginCoordinator.swift */,
			);
			path = Coordinator;
			sourceTree = "<group>";
		};
		9286A7DE29E46D8F003C7414 /* Presenter */ = {
			isa = PBXGroup;
			children = (
				9286A7DF29E46DA4003C7414 /* LoginPresenter.swift */,
			);
			path = Presenter;
			sourceTree = "<group>";
		};
		9286A7E329E485D4003C7414 /* LoginService */ = {
			isa = PBXGroup;
			children = (
				9286A7E429E485E7003C7414 /* LoginService.swift */,
			);
			path = LoginService;
			sourceTree = "<group>";
		};
		9286A7E629E48A0C003C7414 /* ForgotPassword */ = {
			isa = PBXGroup;
			children = (
				9286A7E729E48A1C003C7414 /* Coordinator */,
				9286A7ED29E55C9E003C7414 /* Presenter */,
				9286A7EA29E48A8A003C7414 /* View */,
				9286A7F529E55F72003C7414 /* ForgotPasswordModuleBuilder.swift */,
			);
			path = ForgotPassword;
			sourceTree = "<group>";
		};
		9286A7E729E48A1C003C7414 /* Coordinator */ = {
			isa = PBXGroup;
			children = (
				9286A7E829E48A35003C7414 /* ForgotPasswordCoordinator.swift */,
			);
			path = Coordinator;
			sourceTree = "<group>";
		};
		9286A7EA29E48A8A003C7414 /* View */ = {
			isa = PBXGroup;
			children = (
				9286A7EB29E48AA2003C7414 /* ForgotPasswordViewController.swift */,
				9286A7F029E55CD0003C7414 /* ForgotPasswordViewIO.swift */,
			);
			path = View;
			sourceTree = "<group>";
		};
		9286A7ED29E55C9E003C7414 /* Presenter */ = {
			isa = PBXGroup;
			children = (
				9286A7EE29E55CC4003C7414 /* ForgotPasswordPresenter.swift */,
			);
			path = Presenter;
			sourceTree = "<group>";
		};
		9286A7F229E55E06003C7414 /* ForgotPassword */ = {
			isa = PBXGroup;
			children = (
				9286A7F329E55E18003C7414 /* ForgotPasswordService.swift */,
			);
			path = ForgotPassword;
			sourceTree = "<group>";
		};
		9286A7F729E5A9F9003C7414 /* Main */ = {
			isa = PBXGroup;
			children = (
				9242704929EC0909004525F5 /* TabBar */,
				9242704C29EC1239004525F5 /* Main */,
				9242704D29EC123F004525F5 /* Likes */,
				9242704F29EC124B004525F5 /* YourRecipes */,
				9242704E29EC1245004525F5 /* Settings */,
			);
			path = Main;
			sourceTree = "<group>";
		};
		9286A7F829E5AA0A003C7414 /* Coordinator */ = {
			isa = PBXGroup;
			children = (
				9286A7F929E5AA28003C7414 /* MainCoordinator.swift */,
			);
			path = Coordinator;
			sourceTree = "<group>";
		};
		9286A7FB29E5AA77003C7414 /* View */ = {
			isa = PBXGroup;
			children = (
				9242709A29EDD9DE004525F5 /* RecipeCollectionViewCell.swift */,
				9286A7FC29E5AA97003C7414 /* MainViewController.swift */,
				9242705629EC13D1004525F5 /* MainViewIO.swift */,
				924270A329F11902004525F5 /* CollectionReusableView.swift */,
			);
			path = View;
			sourceTree = "<group>";
		};
		9286A7FE29E6C6A7003C7414 /* CreateAccount */ = {
			isa = PBXGroup;
			children = (
				9286A7FF29E6C6B3003C7414 /* Coordinator */,
				9286A80129E6C6C8003C7414 /* Presenter */,
				9286A80029E6C6BB003C7414 /* View */,
				9286A80229E6C6EC003C7414 /* CreateAccountModuleBuilder.swift */,
			);
			path = CreateAccount;
			sourceTree = "<group>";
		};
		9286A7FF29E6C6B3003C7414 /* Coordinator */ = {
			isa = PBXGroup;
			children = (
				9286A80D29E6CA30003C7414 /* CreateAccountCoordinator.swift */,
			);
			path = Coordinator;
			sourceTree = "<group>";
		};
		9286A80029E6C6BB003C7414 /* View */ = {
			isa = PBXGroup;
			children = (
				9286A80429E6C727003C7414 /* CreateAccountViewController.swift */,
				9286A80629E6C744003C7414 /* CreateAccountViewIO.swift */,
			);
			path = View;
			sourceTree = "<group>";
		};
		9286A80129E6C6C8003C7414 /* Presenter */ = {
			isa = PBXGroup;
			children = (
				9286A80829E6C83B003C7414 /* CreateAccountPresenter.swift */,
			);
			path = Presenter;
			sourceTree = "<group>";
		};
		9286A80A29E6C920003C7414 /* CreateAccount */ = {
			isa = PBXGroup;
			children = (
				9286A80B29E6C93B003C7414 /* CreateAccountService.swift */,
			);
			path = CreateAccount;
			sourceTree = "<group>";
		};
		9286A80F29E6F481003C7414 /* StackViews */ = {
			isa = PBXGroup;
			children = (
				9286A81029E6F499003C7414 /* LogoStackView.swift */,
				92F429192A039291005C722A /* CommonHorizontalStackView.swift */,
				92F4291B2A03929F005C722A /* CommonVerticalStackVIew.swift */,
			);
			path = StackViews;
			sourceTree = "<group>";
		};
		9286A81229E6FAAE003C7414 /* Labels */ = {
			isa = PBXGroup;
			children = (
				9286A81329E6FABD003C7414 /* TitleLabel.swift */,
				972A8C8129E9531A0074B644 /* LogoLabel.swift */,
				924270BA29F1733B004525F5 /* MacronutrientsLabel.swift */,
				924270BC29F186F1004525F5 /* IngridentLabel.swift */,
				924270C629FA87B9004525F5 /* MethodLabel.swift */,
				92F429162A030313005C722A /* CommonCreateLabel.swift */,
			);
			path = Labels;
			sourceTree = "<group>";
		};
		92F429022A02EF76005C722A /* YourRecipe */ = {
			isa = PBXGroup;
			children = (
				9242706F29EC280B004525F5 /* Coordinator */,
				9242706E29EC2805004525F5 /* Presenter */,
				9242706D29EC27FC004525F5 /* View */,
				9242707029EC282C004525F5 /* YourRecipesModuleBuilder.swift */,
			);
			path = YourRecipe;
			sourceTree = "<group>";
		};
		92F429032A02EFA8005C722A /* CreateRecipe */ = {
			isa = PBXGroup;
			children = (
				92F429062A02EFC8005C722A /* Coordinator */,
				92F429052A02EFC0005C722A /* Presenter */,
				92F429042A02EFBB005C722A /* View */,
				92F429072A02EFD8005C722A /* CreateRecipeModulebuilder.swift */,
			);
			path = CreateRecipe;
			sourceTree = "<group>";
		};
		92F429042A02EFBB005C722A /* View */ = {
			isa = PBXGroup;
			children = (
				92F429092A02EFF3005C722A /* CreateRecipeViewController.swift */,
				92F4290B2A02F006005C722A /* CreateRecipeViewIO.swift */,
			);
			path = View;
			sourceTree = "<group>";
		};
		92F429052A02EFC0005C722A /* Presenter */ = {
			isa = PBXGroup;
			children = (
				92F4290D2A02F016005C722A /* CreateRecipePresenter.swift */,
			);
			path = Presenter;
			sourceTree = "<group>";
		};
		92F429062A02EFC8005C722A /* Coordinator */ = {
			isa = PBXGroup;
			children = (
				92F4290F2A02F026005C722A /* CreateRecipeCoordinator.swift */,
			);
			path = Coordinator;
			sourceTree = "<group>";
		};
		92F429112A02F1C8005C722A /* CreateRecipeService */ = {
			isa = PBXGroup;
			children = (
				92F429122A02F1E2005C722A /* CreateRecipeService.swift */,
			);
			path = CreateRecipeService;
			sourceTree = "<group>";
		};
		92F4291D2A03A147005C722A /* TextView */ = {
			isa = PBXGroup;
			children = (
				92F4291E2A03A157005C722A /* CommonGrayTextView.swift */,
			);
			path = TextView;
			sourceTree = "<group>";
		};
		972A8C5629E7CAA70074B644 /* Resources */ = {
			isa = PBXGroup;
			children = (
				972A8C5729E7CAB50074B644 /* Images.xcassets */,
				972A8C5929E7CAC20074B644 /* Colors.xcassets */,
				972A8C7D29E9447D0074B644 /* Localizable.strings */,
			);
			path = Resources;
			sourceTree = "<group>";
		};
		972A8C5D29E7D58F0074B644 /* Generated */ = {
			isa = PBXGroup;
			children = (
				972A8C5E29E7D58F0074B644 /* Strings+Generated.swift */,
				972A8C5F29E7D58F0074B644 /* XCAssets+Generated.swift */,
			);
			path = Generated;
			sourceTree = "<group>";
		};
		972A8C8329E957150074B644 /* Entrance */ = {
			isa = PBXGroup;
			children = (
				9226DBC929DECD7A0078A630 /* Auth */,
				9226DBD529DEE10C0078A630 /* Login */,
				9286A7E629E48A0C003C7414 /* ForgotPassword */,
				9286A7FE29E6C6A7003C7414 /* CreateAccount */,
			);
			path = Entrance;
			sourceTree = "<group>";
		};
		975375C529DF25B1004A0EC8 /* Extensions */ = {
			isa = PBXGroup;
			children = (
				975375C629DF25DC004A0EC8 /* UIStackView+Extensions.swift */,
			);
			path = Extensions;
			sourceTree = "<group>";
		};
		975375CC29DF3377004A0EC8 /* Services */ = {
			isa = PBXGroup;
			children = (
				92F429112A02F1C8005C722A /* CreateRecipeService */,
				924270B229F13F32004525F5 /* Recipe */,
				9242708829EC30B2004525F5 /* Settings */,
				9242707829EC2914004525F5 /* YourRecipes */,
				9242706729EC25A4004525F5 /* Likes */,
				9242705329EC1392004525F5 /* Main */,
				9286A80A29E6C920003C7414 /* CreateAccount */,
				9286A7F229E55E06003C7414 /* ForgotPassword */,
				9286A7E329E485D4003C7414 /* LoginService */,
				975375CD29DF338A004A0EC8 /* AuthService */,
			);
			path = Services;
			sourceTree = "<group>";
		};
		975375CD29DF338A004A0EC8 /* AuthService */ = {
			isa = PBXGroup;
			children = (
				975375CE29DF339B004A0EC8 /* AuthService.swift */,
			);
			path = AuthService;
			sourceTree = "<group>";
		};
		975375D429E00F01004A0EC8 /* Coordinator */ = {
			isa = PBXGroup;
			children = (
				975375C829DF2BD2004A0EC8 /* AuthCoordinator.swift */,
			);
			path = Coordinator;
			sourceTree = "<group>";
		};
		975375D529E01757004A0EC8 /* Components */ = {
			isa = PBXGroup;
			children = (
				92F4291D2A03A147005C722A /* TextView */,
				9286A81229E6FAAE003C7414 /* Labels */,
				9286A80F29E6F481003C7414 /* StackViews */,
				9286A7DA29E4527C003C7414 /* TextFields */,
				975375D629E01764004A0EC8 /* Buttons */,
			);
			path = Components;
			sourceTree = "<group>";
		};
		975375D629E01764004A0EC8 /* Buttons */ = {
			isa = PBXGroup;
			children = (
				975375D729E01773004A0EC8 /* BlueCommonButton.swift */,
			);
			path = Buttons;
			sourceTree = "<group>";
		};
		C46966EB99460B295C702B6D /* Pods */ = {
			isa = PBXGroup;
			children = (
				2762A795EE51ADDD3B7DC5E4 /* Pods-MealHelper.debug.xcconfig */,
				AB0815BA243AB13F0EE039C6 /* Pods-MealHelper.release.xcconfig */,
			);
			path = Pods;
			sourceTree = "<group>";
		};
		F03EE6F16E859E0B5FD841C9 /* Frameworks */ = {
			isa = PBXGroup;
			children = (
				9B5FB2DED421FF16007E9CB5 /* Pods_MealHelper.framework */,
			);
			name = Frameworks;
			sourceTree = "<group>";
		};
/* End PBXGroup section */

/* Begin PBXNativeTarget section */
		9226DB8C29D4CCD50078A630 /* MealHelper */ = {
			isa = PBXNativeTarget;
			buildConfigurationList = 9226DBA429D4CCD50078A630 /* Build configuration list for PBXNativeTarget "MealHelper" */;
			buildPhases = (
				2EBC6556E6275ED23BF2C3AE /* [CP] Check Pods Manifest.lock */,
				972A8C5329E7C9880074B644 /* SwiftGen */,
				9226DB8929D4CCD50078A630 /* Sources */,
				9226DB8A29D4CCD50078A630 /* Frameworks */,
				9226DB8B29D4CCD50078A630 /* Resources */,
				42E39E45678ECB25611FEEF0 /* [CP] Embed Pods Frameworks */,
				9226DBA729D4D6800078A630 /* SwiftLint */,
			);
			buildRules = (
			);
			dependencies = (
			);
			name = MealHelper;
			productName = MealHelper;
			productReference = 9226DB8D29D4CCD50078A630 /* MealHelper.app */;
			productType = "com.apple.product-type.application";
		};
/* End PBXNativeTarget section */

/* Begin PBXProject section */
		9226DB8529D4CCD50078A630 /* Project object */ = {
			isa = PBXProject;
			attributes = {
				BuildIndependentTargetsInParallel = 1;
				LastSwiftUpdateCheck = 1400;
				LastUpgradeCheck = 1400;
				TargetAttributes = {
					9226DB8C29D4CCD50078A630 = {
						CreatedOnToolsVersion = 14.0.1;
					};
				};
			};
			buildConfigurationList = 9226DB8829D4CCD50078A630 /* Build configuration list for PBXProject "MealHelper" */;
			compatibilityVersion = "Xcode 14.0";
			developmentRegion = en;
			hasScannedForEncodings = 0;
			knownRegions = (
				en,
				Base,
				ru,
			);
			mainGroup = 9226DB8429D4CCD50078A630;
			productRefGroup = 9226DB8E29D4CCD50078A630 /* Products */;
			projectDirPath = "";
			projectRoot = "";
			targets = (
				9226DB8C29D4CCD50078A630 /* MealHelper */,
			);
		};
/* End PBXProject section */

/* Begin PBXResourcesBuildPhase section */
		9226DB8B29D4CCD50078A630 /* Resources */ = {
			isa = PBXResourcesBuildPhase;
			buildActionMask = 2147483647;
			files = (
				972A8C5A29E7CAC20074B644 /* Colors.xcassets in Resources */,
				924270A629F13048004525F5 /* testImage in Resources */,
				972A8C7B29E9447D0074B644 /* Localizable.strings in Resources */,
				972A8C5829E7CAB50074B644 /* Images.xcassets in Resources */,
				9226DBA029D4CCD50078A630 /* LaunchScreen.storyboard in Resources */,
			);
			runOnlyForDeploymentPostprocessing = 0;
		};
/* End PBXResourcesBuildPhase section */

/* Begin PBXShellScriptBuildPhase section */
		2EBC6556E6275ED23BF2C3AE /* [CP] Check Pods Manifest.lock */ = {
			isa = PBXShellScriptBuildPhase;
			buildActionMask = 2147483647;
			files = (
			);
			inputFileListPaths = (
			);
			inputPaths = (
				"${PODS_PODFILE_DIR_PATH}/Podfile.lock",
				"${PODS_ROOT}/Manifest.lock",
			);
			name = "[CP] Check Pods Manifest.lock";
			outputFileListPaths = (
			);
			outputPaths = (
				"$(DERIVED_FILE_DIR)/Pods-MealHelper-checkManifestLockResult.txt",
			);
			runOnlyForDeploymentPostprocessing = 0;
			shellPath = /bin/sh;
			shellScript = "diff \"${PODS_PODFILE_DIR_PATH}/Podfile.lock\" \"${PODS_ROOT}/Manifest.lock\" > /dev/null\nif [ $? != 0 ] ; then\n    # print error to STDERR\n    echo \"error: The sandbox is not in sync with the Podfile.lock. Run 'pod install' or update your CocoaPods installation.\" >&2\n    exit 1\nfi\n# This output is used by Xcode 'outputs' to avoid re-running this script phase.\necho \"SUCCESS\" > \"${SCRIPT_OUTPUT_FILE_0}\"\n";
			showEnvVarsInLog = 0;
		};
		42E39E45678ECB25611FEEF0 /* [CP] Embed Pods Frameworks */ = {
			isa = PBXShellScriptBuildPhase;
			buildActionMask = 2147483647;
			files = (
			);
			inputFileListPaths = (
				"${PODS_ROOT}/Target Support Files/Pods-MealHelper/Pods-MealHelper-frameworks-${CONFIGURATION}-input-files.xcfilelist",
			);
			name = "[CP] Embed Pods Frameworks";
			outputFileListPaths = (
				"${PODS_ROOT}/Target Support Files/Pods-MealHelper/Pods-MealHelper-frameworks-${CONFIGURATION}-output-files.xcfilelist",
			);
			runOnlyForDeploymentPostprocessing = 0;
			shellPath = /bin/sh;
			shellScript = "\"${PODS_ROOT}/Target Support Files/Pods-MealHelper/Pods-MealHelper-frameworks.sh\"\n";
			showEnvVarsInLog = 0;
		};
		9226DBA729D4D6800078A630 /* SwiftLint */ = {
			isa = PBXShellScriptBuildPhase;
			alwaysOutOfDate = 1;
			buildActionMask = 2147483647;
			files = (
			);
			inputFileListPaths = (
			);
			inputPaths = (
			);
			name = SwiftLint;
			outputFileListPaths = (
			);
			outputPaths = (
			);
			runOnlyForDeploymentPostprocessing = 0;
			shellPath = /bin/sh;
			shellScript = "${PODS_ROOT}/SwiftLint/swiftlint\n";
		};
		972A8C5329E7C9880074B644 /* SwiftGen */ = {
			isa = PBXShellScriptBuildPhase;
			alwaysOutOfDate = 1;
			buildActionMask = 2147483647;
			files = (
			);
			inputFileListPaths = (
			);
			inputPaths = (
			);
			name = SwiftGen;
			outputFileListPaths = (
			);
			outputPaths = (
			);
			runOnlyForDeploymentPostprocessing = 0;
			shellPath = /bin/sh;
			shellScript = "mkdir -p \"${PROJECT_DIR}/MealHelper/Generated\"\nif [[ -f \"${PODS_ROOT}/SwiftGen/bin/swiftgen\" ]]; then\n  \"${PODS_ROOT}/SwiftGen/bin/swiftgen\"\nelse\n  echo \"warning: SwiftGen is not installed. Run 'pod install --repo-update' to install it.\"\nfi\n";
		};
/* End PBXShellScriptBuildPhase section */

/* Begin PBXSourcesBuildPhase section */
		9226DB8929D4CCD50078A630 /* Sources */ = {
			isa = PBXSourcesBuildPhase;
			buildActionMask = 2147483647;
			files = (
				972A8C6129E7D5900074B644 /* XCAssets+Generated.swift in Sources */,
				92F429132A02F1E2005C722A /* CreateRecipeService.swift in Sources */,
				9242707C29EC295C004525F5 /* YourRecipesCoordinator.swift in Sources */,
				9226DBD729DEE1220078A630 /* LoginViewController.swift in Sources */,
				924270F829FB9B3A004525F5 /* RecipeTableViewCell.swift in Sources */,
				924270C729FA87B9004525F5 /* MethodLabel.swift in Sources */,
				9286A7EC29E48AA2003C7414 /* ForgotPasswordViewController.swift in Sources */,
				975375C729DF25DC004A0EC8 /* UIStackView+Extensions.swift in Sources */,
				9242705B29EC1D20004525F5 /* TabBarCoordinator.swift in Sources */,
				92F429102A02F026005C722A /* CreateRecipeCoordinator.swift in Sources */,
				9242706C29EC262E004525F5 /* LikesCoordinator.swift in Sources */,
				92F429082A02EFD8005C722A /* CreateRecipeModulebuilder.swift in Sources */,
				9286A7E929E48A35003C7414 /* ForgotPasswordCoordinator.swift in Sources */,
				9286A81129E6F499003C7414 /* LogoStackView.swift in Sources */,
				9242708C29EC30EE004525F5 /* SettingsCoordinator.swift in Sources */,
				9286A7EF29E55CC4003C7414 /* ForgotPasswordPresenter.swift in Sources */,
				924270B729F13FA9004525F5 /* RecipeCoordinator.swift in Sources */,
				92F429172A030313005C722A /* CommonCreateLabel.swift in Sources */,
				9242705729EC13D1004525F5 /* MainViewIO.swift in Sources */,
				9226DB9529D4CCD50078A630 /* AuthViewController.swift in Sources */,
				924270A429F11902004525F5 /* CollectionReusableView.swift in Sources */,
				9286A7FD29E5AA97003C7414 /* MainViewController.swift in Sources */,
				975375D129DF3585004A0EC8 /* AppPresentationAssembly.swift in Sources */,
				9286A80729E6C744003C7414 /* CreateAccountViewIO.swift in Sources */,
				9286A7E029E46DA4003C7414 /* LoginPresenter.swift in Sources */,
				924270BD29F186F1004525F5 /* IngridentLabel.swift in Sources */,
				975375C929DF2BD2004A0EC8 /* AuthCoordinator.swift in Sources */,
				9242706229EC248C004525F5 /* LikesPresenter.swift in Sources */,
				9242706029EC2457004525F5 /* LikesModuleBuilder.swift in Sources */,
				9242708329EC2FBB004525F5 /* SettingsViewIO.swift in Sources */,
				9242709E29EDDA12004525F5 /* RecipeModel.swift in Sources */,
				9286A80529E6C727003C7414 /* CreateAccountViewController.swift in Sources */,
				924270B929F14016004525F5 /* RecipeModuleBuilder.swift in Sources */,
				9226DBCD29DECDB80078A630 /* AuthPresenter.swift in Sources */,
				9226DBD429DEDAAB0078A630 /* AuthModuleBuilder.swift in Sources */,
				92F4291F2A03A157005C722A /* CommonGrayTextView.swift in Sources */,
				9286A7F429E55E18003C7414 /* ForgotPasswordService.swift in Sources */,
				975375CF29DF339B004A0EC8 /* AuthService.swift in Sources */,
				975375CB29DF2E16004A0EC8 /* LoginCoordinator.swift in Sources */,
				924270B129F13ECB004525F5 /* RecipePresenter.swift in Sources */,
				9242705229EC134A004525F5 /* MainPresenter.swift in Sources */,
				924270B529F13F46004525F5 /* RecipeService.swift in Sources */,
				972A8C8229E9531A0074B644 /* LogoLabel.swift in Sources */,
				9242708529EC301B004525F5 /* SettingsViewController.swift in Sources */,
				9226DB9129D4CCD50078A630 /* AppDelegate.swift in Sources */,
				9242707529EC285E004525F5 /* YourRecipesViewController.swift in Sources */,
				9242709B29EDD9DE004525F5 /* RecipeCollectionViewCell.swift in Sources */,
				9242707A29EC2926004525F5 /* YourRecipesService.swift in Sources */,
				9286A80929E6C83B003C7414 /* CreateAccountPresenter.swift in Sources */,
				924270BB29F1733B004525F5 /* MacronutrientsLabel.swift in Sources */,
				972A8C6029E7D5900074B644 /* Strings+Generated.swift in Sources */,
				924270A029EDDCE7004525F5 /* Section.swift in Sources */,
				9242706429EC24D8004525F5 /* LikesViewController.swift in Sources */,
				9226DBCF29DECE370078A630 /* AuthViewIO.swift in Sources */,
				92F429152A02FF7E005C722A /* CommonCreateTextField.swift in Sources */,
				975375D329DF3628004A0EC8 /* AppServicesAssembly.swift in Sources */,
				9286A80C29E6C93B003C7414 /* CreateAccountService.swift in Sources */,
				9286A7F629E55F72003C7414 /* ForgotPasswordModuleBuilder.swift in Sources */,
				924270AD29F13EA6004525F5 /* RecipeViewController.swift in Sources */,
				9286A7E529E485E7003C7414 /* LoginService.swift in Sources */,
				9242708129EC2FAC004525F5 /* SettingsModuleBuilder.swift in Sources */,
				92F4290C2A02F006005C722A /* CreateRecipeViewIO.swift in Sources */,
				9286A7E229E4846C003C7414 /* LoginModuleBuilder.swift in Sources */,
				9226DB9B29D4CCD50078A630 /* MealHelper.xcdatamodeld in Sources */,
				9286A80E29E6CA30003C7414 /* CreateAccountCoordinator.swift in Sources */,
				9242704B29EC0F1C004525F5 /* TabBarViewController.swift in Sources */,
				92F4290A2A02EFF3005C722A /* CreateRecipeViewController.swift in Sources */,
				9286A81429E6FABD003C7414 /* TitleLabel.swift in Sources */,
				9242705529EC13A6004525F5 /* MainService.swift in Sources */,
				92F4291C2A03929F005C722A /* CommonVerticalStackVIew.swift in Sources */,
				9286A80329E6C6EC003C7414 /* CreateAccountModuleBuilder.swift in Sources */,
				9242707129EC282C004525F5 /* YourRecipesModuleBuilder.swift in Sources */,
				92F4291A2A039291005C722A /* CommonHorizontalStackView.swift in Sources */,
				9286A7F129E55CD0003C7414 /* ForgotPasswordViewIO.swift in Sources */,
				9286A7D929E44632003C7414 /* LoginViewIO.swift in Sources */,
				92F4290E2A02F016005C722A /* CreateRecipePresenter.swift in Sources */,
				9286A7FA29E5AA28003C7414 /* MainCoordinator.swift in Sources */,
				9242707729EC28AA004525F5 /* YourRecipesPresenter.swift in Sources */,
				9226DB9329D4CCD50078A630 /* SceneDelegate.swift in Sources */,
				9242708A29EC30BF004525F5 /* SettingsService.swift in Sources */,
				9242706629EC2518004525F5 /* LikesViewIO.swift in Sources */,
				9242708729EC3055004525F5 /* SettingsPresenter.swift in Sources */,
				975375D829E01773004A0EC8 /* BlueCommonButton.swift in Sources */,
				9242707329EC2845004525F5 /* YourRecipesViewIO.swift in Sources */,
				9226DBD129DECFF40078A630 /* AppCoordinator.swift in Sources */,
				9242706A29EC25B7004525F5 /* LikesService.swift in Sources */,
				9242705929EC140D004525F5 /* MainModuleBuilder.swift in Sources */,
				9286A7DC29E452A5003C7414 /* GrayCommonTextField.swift in Sources */,
				924270AB29F13E6F004525F5 /* RecipeViewIO.swift in Sources */,
			);
			runOnlyForDeploymentPostprocessing = 0;
		};
/* End PBXSourcesBuildPhase section */

/* Begin PBXVariantGroup section */
		9226DB9E29D4CCD50078A630 /* LaunchScreen.storyboard */ = {
			isa = PBXVariantGroup;
			children = (
				9226DB9F29D4CCD50078A630 /* Base */,
			);
			name = LaunchScreen.storyboard;
			sourceTree = "<group>";
		};
		972A8C7D29E9447D0074B644 /* Localizable.strings */ = {
			isa = PBXVariantGroup;
			children = (
				972A8C7C29E9447D0074B644 /* en */,
				972A8C7E29E944980074B644 /* ru */,
			);
			name = Localizable.strings;
			sourceTree = "<group>";
		};
/* End PBXVariantGroup section */

/* Begin XCBuildConfiguration section */
		9226DBA229D4CCD50078A630 /* Debug */ = {
			isa = XCBuildConfiguration;
			buildSettings = {
				ALWAYS_SEARCH_USER_PATHS = NO;
				CLANG_ANALYZER_NONNULL = YES;
				CLANG_ANALYZER_NUMBER_OBJECT_CONVERSION = YES_AGGRESSIVE;
				CLANG_CXX_LANGUAGE_STANDARD = "gnu++20";
				CLANG_ENABLE_MODULES = YES;
				CLANG_ENABLE_OBJC_ARC = YES;
				CLANG_ENABLE_OBJC_WEAK = YES;
				CLANG_WARN_BLOCK_CAPTURE_AUTORELEASING = YES;
				CLANG_WARN_BOOL_CONVERSION = YES;
				CLANG_WARN_COMMA = YES;
				CLANG_WARN_CONSTANT_CONVERSION = YES;
				CLANG_WARN_DEPRECATED_OBJC_IMPLEMENTATIONS = YES;
				CLANG_WARN_DIRECT_OBJC_ISA_USAGE = YES_ERROR;
				CLANG_WARN_DOCUMENTATION_COMMENTS = YES;
				CLANG_WARN_EMPTY_BODY = YES;
				CLANG_WARN_ENUM_CONVERSION = YES;
				CLANG_WARN_INFINITE_RECURSION = YES;
				CLANG_WARN_INT_CONVERSION = YES;
				CLANG_WARN_NON_LITERAL_NULL_CONVERSION = YES;
				CLANG_WARN_OBJC_IMPLICIT_RETAIN_SELF = YES;
				CLANG_WARN_OBJC_LITERAL_CONVERSION = YES;
				CLANG_WARN_OBJC_ROOT_CLASS = YES_ERROR;
				CLANG_WARN_QUOTED_INCLUDE_IN_FRAMEWORK_HEADER = YES;
				CLANG_WARN_RANGE_LOOP_ANALYSIS = YES;
				CLANG_WARN_STRICT_PROTOTYPES = YES;
				CLANG_WARN_SUSPICIOUS_MOVE = YES;
				CLANG_WARN_UNGUARDED_AVAILABILITY = YES_AGGRESSIVE;
				CLANG_WARN_UNREACHABLE_CODE = YES;
				CLANG_WARN__DUPLICATE_METHOD_MATCH = YES;
				COPY_PHASE_STRIP = NO;
				DEBUG_INFORMATION_FORMAT = dwarf;
				ENABLE_STRICT_OBJC_MSGSEND = YES;
				ENABLE_TESTABILITY = YES;
				GCC_C_LANGUAGE_STANDARD = gnu11;
				GCC_DYNAMIC_NO_PIC = NO;
				GCC_NO_COMMON_BLOCKS = YES;
				GCC_OPTIMIZATION_LEVEL = 0;
				GCC_PREPROCESSOR_DEFINITIONS = (
					"DEBUG=1",
					"$(inherited)",
				);
				GCC_WARN_64_TO_32_BIT_CONVERSION = YES;
				GCC_WARN_ABOUT_RETURN_TYPE = YES_ERROR;
				GCC_WARN_UNDECLARED_SELECTOR = YES;
				GCC_WARN_UNINITIALIZED_AUTOS = YES_AGGRESSIVE;
				GCC_WARN_UNUSED_FUNCTION = YES;
				GCC_WARN_UNUSED_VARIABLE = YES;
				IPHONEOS_DEPLOYMENT_TARGET = 16.0;
				MTL_ENABLE_DEBUG_INFO = INCLUDE_SOURCE;
				MTL_FAST_MATH = YES;
				ONLY_ACTIVE_ARCH = YES;
				SDKROOT = iphoneos;
				SWIFT_ACTIVE_COMPILATION_CONDITIONS = DEBUG;
				SWIFT_OPTIMIZATION_LEVEL = "-Onone";
			};
			name = Debug;
		};
		9226DBA329D4CCD50078A630 /* Release */ = {
			isa = XCBuildConfiguration;
			buildSettings = {
				ALWAYS_SEARCH_USER_PATHS = NO;
				CLANG_ANALYZER_NONNULL = YES;
				CLANG_ANALYZER_NUMBER_OBJECT_CONVERSION = YES_AGGRESSIVE;
				CLANG_CXX_LANGUAGE_STANDARD = "gnu++20";
				CLANG_ENABLE_MODULES = YES;
				CLANG_ENABLE_OBJC_ARC = YES;
				CLANG_ENABLE_OBJC_WEAK = YES;
				CLANG_WARN_BLOCK_CAPTURE_AUTORELEASING = YES;
				CLANG_WARN_BOOL_CONVERSION = YES;
				CLANG_WARN_COMMA = YES;
				CLANG_WARN_CONSTANT_CONVERSION = YES;
				CLANG_WARN_DEPRECATED_OBJC_IMPLEMENTATIONS = YES;
				CLANG_WARN_DIRECT_OBJC_ISA_USAGE = YES_ERROR;
				CLANG_WARN_DOCUMENTATION_COMMENTS = YES;
				CLANG_WARN_EMPTY_BODY = YES;
				CLANG_WARN_ENUM_CONVERSION = YES;
				CLANG_WARN_INFINITE_RECURSION = YES;
				CLANG_WARN_INT_CONVERSION = YES;
				CLANG_WARN_NON_LITERAL_NULL_CONVERSION = YES;
				CLANG_WARN_OBJC_IMPLICIT_RETAIN_SELF = YES;
				CLANG_WARN_OBJC_LITERAL_CONVERSION = YES;
				CLANG_WARN_OBJC_ROOT_CLASS = YES_ERROR;
				CLANG_WARN_QUOTED_INCLUDE_IN_FRAMEWORK_HEADER = YES;
				CLANG_WARN_RANGE_LOOP_ANALYSIS = YES;
				CLANG_WARN_STRICT_PROTOTYPES = YES;
				CLANG_WARN_SUSPICIOUS_MOVE = YES;
				CLANG_WARN_UNGUARDED_AVAILABILITY = YES_AGGRESSIVE;
				CLANG_WARN_UNREACHABLE_CODE = YES;
				CLANG_WARN__DUPLICATE_METHOD_MATCH = YES;
				COPY_PHASE_STRIP = NO;
				DEBUG_INFORMATION_FORMAT = "dwarf-with-dsym";
				ENABLE_NS_ASSERTIONS = NO;
				ENABLE_STRICT_OBJC_MSGSEND = YES;
				GCC_C_LANGUAGE_STANDARD = gnu11;
				GCC_NO_COMMON_BLOCKS = YES;
				GCC_WARN_64_TO_32_BIT_CONVERSION = YES;
				GCC_WARN_ABOUT_RETURN_TYPE = YES_ERROR;
				GCC_WARN_UNDECLARED_SELECTOR = YES;
				GCC_WARN_UNINITIALIZED_AUTOS = YES_AGGRESSIVE;
				GCC_WARN_UNUSED_FUNCTION = YES;
				GCC_WARN_UNUSED_VARIABLE = YES;
				IPHONEOS_DEPLOYMENT_TARGET = 16.0;
				MTL_ENABLE_DEBUG_INFO = NO;
				MTL_FAST_MATH = YES;
				SDKROOT = iphoneos;
				SWIFT_COMPILATION_MODE = wholemodule;
				SWIFT_OPTIMIZATION_LEVEL = "-O";
				VALIDATE_PRODUCT = YES;
			};
			name = Release;
		};
		9226DBA529D4CCD50078A630 /* Debug */ = {
			isa = XCBuildConfiguration;
			baseConfigurationReference = 2762A795EE51ADDD3B7DC5E4 /* Pods-MealHelper.debug.xcconfig */;
			buildSettings = {
				ASSETCATALOG_COMPILER_APPICON_NAME = AppIcon;
				ASSETCATALOG_COMPILER_GLOBAL_ACCENT_COLOR_NAME = AccentColor;
				CODE_SIGN_STYLE = Automatic;
				CURRENT_PROJECT_VERSION = 1;
				GENERATE_INFOPLIST_FILE = YES;
				INFOPLIST_FILE = MealHelper/Info.plist;
				INFOPLIST_KEY_UIApplicationSupportsIndirectInputEvents = YES;
				INFOPLIST_KEY_UILaunchStoryboardName = LaunchScreen;
				INFOPLIST_KEY_UISupportedInterfaceOrientations_iPad = "UIInterfaceOrientationPortrait UIInterfaceOrientationPortraitUpsideDown UIInterfaceOrientationLandscapeLeft UIInterfaceOrientationLandscapeRight";
				INFOPLIST_KEY_UISupportedInterfaceOrientations_iPhone = "UIInterfaceOrientationPortrait UIInterfaceOrientationLandscapeLeft UIInterfaceOrientationLandscapeRight";
				IPHONEOS_DEPLOYMENT_TARGET = 16.0;
				LD_RUNPATH_SEARCH_PATHS = (
					"$(inherited)",
					"@executable_path/Frameworks",
				);
				MARKETING_VERSION = 1.0;
				PRODUCT_BUNDLE_IDENTIFIER = itis.MealHelper;
				PRODUCT_NAME = "$(TARGET_NAME)";
				SWIFT_EMIT_LOC_STRINGS = YES;
				SWIFT_VERSION = 5.0;
				TARGETED_DEVICE_FAMILY = "1,2";
			};
			name = Debug;
		};
		9226DBA629D4CCD50078A630 /* Release */ = {
			isa = XCBuildConfiguration;
			baseConfigurationReference = AB0815BA243AB13F0EE039C6 /* Pods-MealHelper.release.xcconfig */;
			buildSettings = {
				ASSETCATALOG_COMPILER_APPICON_NAME = AppIcon;
				ASSETCATALOG_COMPILER_GLOBAL_ACCENT_COLOR_NAME = AccentColor;
				CODE_SIGN_STYLE = Automatic;
				CURRENT_PROJECT_VERSION = 1;
				GENERATE_INFOPLIST_FILE = YES;
				INFOPLIST_FILE = MealHelper/Info.plist;
				INFOPLIST_KEY_UIApplicationSupportsIndirectInputEvents = YES;
				INFOPLIST_KEY_UILaunchStoryboardName = LaunchScreen;
				INFOPLIST_KEY_UISupportedInterfaceOrientations_iPad = "UIInterfaceOrientationPortrait UIInterfaceOrientationPortraitUpsideDown UIInterfaceOrientationLandscapeLeft UIInterfaceOrientationLandscapeRight";
				INFOPLIST_KEY_UISupportedInterfaceOrientations_iPhone = "UIInterfaceOrientationPortrait UIInterfaceOrientationLandscapeLeft UIInterfaceOrientationLandscapeRight";
				IPHONEOS_DEPLOYMENT_TARGET = 16.0;
				LD_RUNPATH_SEARCH_PATHS = (
					"$(inherited)",
					"@executable_path/Frameworks",
				);
				MARKETING_VERSION = 1.0;
				PRODUCT_BUNDLE_IDENTIFIER = itis.MealHelper;
				PRODUCT_NAME = "$(TARGET_NAME)";
				SWIFT_EMIT_LOC_STRINGS = YES;
				SWIFT_VERSION = 5.0;
				TARGETED_DEVICE_FAMILY = "1,2";
			};
			name = Release;
		};
/* End XCBuildConfiguration section */

/* Begin XCConfigurationList section */
		9226DB8829D4CCD50078A630 /* Build configuration list for PBXProject "MealHelper" */ = {
			isa = XCConfigurationList;
			buildConfigurations = (
				9226DBA229D4CCD50078A630 /* Debug */,
				9226DBA329D4CCD50078A630 /* Release */,
			);
			defaultConfigurationIsVisible = 0;
			defaultConfigurationName = Release;
		};
		9226DBA429D4CCD50078A630 /* Build configuration list for PBXNativeTarget "MealHelper" */ = {
			isa = XCConfigurationList;
			buildConfigurations = (
				9226DBA529D4CCD50078A630 /* Debug */,
				9226DBA629D4CCD50078A630 /* Release */,
			);
			defaultConfigurationIsVisible = 0;
			defaultConfigurationName = Release;
		};
/* End XCConfigurationList section */

/* Begin XCVersionGroup section */
		9226DB9929D4CCD50078A630 /* MealHelper.xcdatamodeld */ = {
			isa = XCVersionGroup;
			children = (
				9226DB9A29D4CCD50078A630 /* MealHelper.xcdatamodel */,
			);
			currentVersion = 9226DB9A29D4CCD50078A630 /* MealHelper.xcdatamodel */;
			path = MealHelper.xcdatamodeld;
			sourceTree = "<group>";
			versionGroupType = wrapper.xcdatamodel;
		};
/* End XCVersionGroup section */
	};
	rootObject = 9226DB8529D4CCD50078A630 /* Project object */;
}
