// !$*UTF8*$!
{
	archiveVersion = 1;
	classes = {
	};
	objectVersion = 56;
	objects = {

/* Begin PBXBuildFile section */
		9226DB9129D4CCD50078A630 /* AppDelegate.swift in Sources */ = {isa = PBXBuildFile; fileRef = 9226DB9029D4CCD50078A630 /* AppDelegate.swift */; };
		9226DB9329D4CCD50078A630 /* SceneDelegate.swift in Sources */ = {isa = PBXBuildFile; fileRef = 9226DB9229D4CCD50078A630 /* SceneDelegate.swift */; };
		9226DB9529D4CCD50078A630 /* StartViewController.swift in Sources */ = {isa = PBXBuildFile; fileRef = 9226DB9429D4CCD50078A630 /* StartViewController.swift */; };
		9226DB9B29D4CCD50078A630 /* MealHelper.xcdatamodeld in Sources */ = {isa = PBXBuildFile; fileRef = 9226DB9929D4CCD50078A630 /* MealHelper.xcdatamodeld */; };
		9226DBA029D4CCD50078A630 /* LaunchScreen.storyboard in Resources */ = {isa = PBXBuildFile; fileRef = 9226DB9E29D4CCD50078A630 /* LaunchScreen.storyboard */; };
		9226DBCD29DECDB80078A630 /* StartPresenter.swift in Sources */ = {isa = PBXBuildFile; fileRef = 9226DBCC29DECDB80078A630 /* StartPresenter.swift */; };
		9226DBCF29DECE370078A630 /* StartViewIO.swift in Sources */ = {isa = PBXBuildFile; fileRef = 9226DBCE29DECE370078A630 /* StartViewIO.swift */; };
		9226DBD129DECFF40078A630 /* AppCoordinator.swift in Sources */ = {isa = PBXBuildFile; fileRef = 9226DBD029DECFF40078A630 /* AppCoordinator.swift */; };
		9226DBD429DEDAAB0078A630 /* StartBuilder.swift in Sources */ = {isa = PBXBuildFile; fileRef = 9226DBD329DEDAAB0078A630 /* StartBuilder.swift */; };
		9226DBD729DEE1220078A630 /* LoginViewController.swift in Sources */ = {isa = PBXBuildFile; fileRef = 9226DBD629DEE1220078A630 /* LoginViewController.swift */; };
		FFAB29900A5B6730141499D4 /* Pods_MealHelper.framework in Frameworks */ = {isa = PBXBuildFile; fileRef = 9B5FB2DED421FF16007E9CB5 /* Pods_MealHelper.framework */; };
/* End PBXBuildFile section */

/* Begin PBXFileReference section */
		2762A795EE51ADDD3B7DC5E4 /* Pods-MealHelper.debug.xcconfig */ = {isa = PBXFileReference; includeInIndex = 1; lastKnownFileType = text.xcconfig; name = "Pods-MealHelper.debug.xcconfig"; path = "Target Support Files/Pods-MealHelper/Pods-MealHelper.debug.xcconfig"; sourceTree = "<group>"; };
		9226DB8D29D4CCD50078A630 /* MealHelper.app */ = {isa = PBXFileReference; explicitFileType = wrapper.application; includeInIndex = 0; path = MealHelper.app; sourceTree = BUILT_PRODUCTS_DIR; };
		9226DB9029D4CCD50078A630 /* AppDelegate.swift */ = {isa = PBXFileReference; lastKnownFileType = sourcecode.swift; path = AppDelegate.swift; sourceTree = "<group>"; };
		9226DB9229D4CCD50078A630 /* SceneDelegate.swift */ = {isa = PBXFileReference; lastKnownFileType = sourcecode.swift; path = SceneDelegate.swift; sourceTree = "<group>"; };
		9226DB9429D4CCD50078A630 /* StartViewController.swift */ = {isa = PBXFileReference; lastKnownFileType = sourcecode.swift; path = StartViewController.swift; sourceTree = "<group>"; };
		9226DB9A29D4CCD50078A630 /* MealHelper.xcdatamodel */ = {isa = PBXFileReference; lastKnownFileType = wrapper.xcdatamodel; path = MealHelper.xcdatamodel; sourceTree = "<group>"; };
		9226DB9F29D4CCD50078A630 /* Base */ = {isa = PBXFileReference; lastKnownFileType = file.storyboard; name = Base; path = Base.lproj/LaunchScreen.storyboard; sourceTree = "<group>"; };
		9226DBA129D4CCD50078A630 /* Info.plist */ = {isa = PBXFileReference; lastKnownFileType = text.plist.xml; path = Info.plist; sourceTree = "<group>"; };
		9226DBCC29DECDB80078A630 /* StartPresenter.swift */ = {isa = PBXFileReference; lastKnownFileType = sourcecode.swift; path = StartPresenter.swift; sourceTree = "<group>"; };
		9226DBCE29DECE370078A630 /* StartViewIO.swift */ = {isa = PBXFileReference; lastKnownFileType = sourcecode.swift; path = StartViewIO.swift; sourceTree = "<group>"; };
		9226DBD029DECFF40078A630 /* AppCoordinator.swift */ = {isa = PBXFileReference; lastKnownFileType = sourcecode.swift; path = AppCoordinator.swift; sourceTree = "<group>"; };
		9226DBD329DEDAAB0078A630 /* StartBuilder.swift */ = {isa = PBXFileReference; lastKnownFileType = sourcecode.swift; path = StartBuilder.swift; sourceTree = "<group>"; };
		9226DBD629DEE1220078A630 /* LoginViewController.swift */ = {isa = PBXFileReference; lastKnownFileType = sourcecode.swift; path = LoginViewController.swift; sourceTree = "<group>"; };
		9B5FB2DED421FF16007E9CB5 /* Pods_MealHelper.framework */ = {isa = PBXFileReference; explicitFileType = wrapper.framework; includeInIndex = 0; path = Pods_MealHelper.framework; sourceTree = BUILT_PRODUCTS_DIR; };
		AB0815BA243AB13F0EE039C6 /* Pods-MealHelper.release.xcconfig */ = {isa = PBXFileReference; includeInIndex = 1; lastKnownFileType = text.xcconfig; name = "Pods-MealHelper.release.xcconfig"; path = "Target Support Files/Pods-MealHelper/Pods-MealHelper.release.xcconfig"; sourceTree = "<group>"; };
/* End PBXFileReference section */

/* Begin PBXFrameworksBuildPhase section */
		9226DB8A29D4CCD50078A630 /* Frameworks */ = {
			isa = PBXFrameworksBuildPhase;
			buildActionMask = 2147483647;
			files = (
				FFAB29900A5B6730141499D4 /* Pods_MealHelper.framework in Frameworks */,
			);
			runOnlyForDeploymentPostprocessing = 0;
		};
/* End PBXFrameworksBuildPhase section */

/* Begin PBXGroup section */
		9226DB8429D4CCD50078A630 = {
			isa = PBXGroup;
			children = (
				9226DB8F29D4CCD50078A630 /* MealHelper */,
				9226DB8E29D4CCD50078A630 /* Products */,
				C46966EB99460B295C702B6D /* Pods */,
				F03EE6F16E859E0B5FD841C9 /* Frameworks */,
			);
			sourceTree = "<group>";
		};
		9226DB8E29D4CCD50078A630 /* Products */ = {
			isa = PBXGroup;
			children = (
				9226DB8D29D4CCD50078A630 /* MealHelper.app */,
			);
			name = Products;
			sourceTree = "<group>";
		};
		9226DB8F29D4CCD50078A630 /* MealHelper */ = {
			isa = PBXGroup;
			children = (
				9226DBD229DED0BE0078A630 /* Services */,
				9226DBC829DECD640078A630 /* Modules */,
				9226DB9029D4CCD50078A630 /* AppDelegate.swift */,
				9226DB9229D4CCD50078A630 /* SceneDelegate.swift */,
				9226DB9E29D4CCD50078A630 /* LaunchScreen.storyboard */,
				9226DBA129D4CCD50078A630 /* Info.plist */,
				9226DB9929D4CCD50078A630 /* MealHelper.xcdatamodeld */,
			);
			path = MealHelper;
			sourceTree = "<group>";
		};
		9226DBC829DECD640078A630 /* Modules */ = {
			isa = PBXGroup;
			children = (
				9226DBD029DECFF40078A630 /* AppCoordinator.swift */,
				9226DBD529DEE10C0078A630 /* Login */,
				9226DBC929DECD7A0078A630 /* Start */,
			);
			path = Modules;
			sourceTree = "<group>";
		};
		9226DBC929DECD7A0078A630 /* Start */ = {
			isa = PBXGroup;
			children = (
				9226DBCA29DECD8D0078A630 /* Presenter */,
				9226DBCB29DECD960078A630 /* View */,
				9226DBD329DEDAAB0078A630 /* StartBuilder.swift */,
			);
			path = Start;
			sourceTree = "<group>";
		};
		9226DBCA29DECD8D0078A630 /* Presenter */ = {
			isa = PBXGroup;
			children = (
				9226DBCC29DECDB80078A630 /* StartPresenter.swift */,
			);
			path = Presenter;
			sourceTree = "<group>";
		};
		9226DBCB29DECD960078A630 /* View */ = {
			isa = PBXGroup;
			children = (
				9226DB9429D4CCD50078A630 /* StartViewController.swift */,
				9226DBCE29DECE370078A630 /* StartViewIO.swift */,
			);
			path = View;
			sourceTree = "<group>";
		};
		9226DBD229DED0BE0078A630 /* Services */ = {
			isa = PBXGroup;
			children = (
			);
			path = Services;
			sourceTree = "<group>";
		};
		9226DBD529DEE10C0078A630 /* Login */ = {
			isa = PBXGroup;
			children = (
				9226DBD629DEE1220078A630 /* LoginViewController.swift */,
			);
			path = Login;
			sourceTree = "<group>";
		};
		C46966EB99460B295C702B6D /* Pods */ = {
			isa = PBXGroup;
			children = (
				2762A795EE51ADDD3B7DC5E4 /* Pods-MealHelper.debug.xcconfig */,
				AB0815BA243AB13F0EE039C6 /* Pods-MealHelper.release.xcconfig */,
			);
			path = Pods;
			sourceTree = "<group>";
		};
		F03EE6F16E859E0B5FD841C9 /* Frameworks */ = {
			isa = PBXGroup;
			children = (
				9B5FB2DED421FF16007E9CB5 /* Pods_MealHelper.framework */,
			);
			name = Frameworks;
			sourceTree = "<group>";
		};
/* End PBXGroup section */

/* Begin PBXNativeTarget section */
		9226DB8C29D4CCD50078A630 /* MealHelper */ = {
			isa = PBXNativeTarget;
			buildConfigurationList = 9226DBA429D4CCD50078A630 /* Build configuration list for PBXNativeTarget "MealHelper" */;
			buildPhases = (
				2EBC6556E6275ED23BF2C3AE /* [CP] Check Pods Manifest.lock */,
				9226DB8929D4CCD50078A630 /* Sources */,
				9226DB8A29D4CCD50078A630 /* Frameworks */,
				9226DB8B29D4CCD50078A630 /* Resources */,
				42E39E45678ECB25611FEEF0 /* [CP] Embed Pods Frameworks */,
				9226DBA729D4D6800078A630 /* SwiftLint */,
			);
			buildRules = (
			);
			dependencies = (
			);
			name = MealHelper;
			productName = MealHelper;
			productReference = 9226DB8D29D4CCD50078A630 /* MealHelper.app */;
			productType = "com.apple.product-type.application";
		};
/* End PBXNativeTarget section */

/* Begin PBXProject section */
		9226DB8529D4CCD50078A630 /* Project object */ = {
			isa = PBXProject;
			attributes = {
				BuildIndependentTargetsInParallel = 1;
				LastSwiftUpdateCheck = 1400;
				LastUpgradeCheck = 1400;
				TargetAttributes = {
					9226DB8C29D4CCD50078A630 = {
						CreatedOnToolsVersion = 14.0.1;
					};
				};
			};
			buildConfigurationList = 9226DB8829D4CCD50078A630 /* Build configuration list for PBXProject "MealHelper" */;
			compatibilityVersion = "Xcode 14.0";
			developmentRegion = en;
			hasScannedForEncodings = 0;
			knownRegions = (
				en,
				Base,
			);
			mainGroup = 9226DB8429D4CCD50078A630;
			productRefGroup = 9226DB8E29D4CCD50078A630 /* Products */;
			projectDirPath = "";
			projectRoot = "";
			targets = (
				9226DB8C29D4CCD50078A630 /* MealHelper */,
			);
		};
/* End PBXProject section */

/* Begin PBXResourcesBuildPhase section */
		9226DB8B29D4CCD50078A630 /* Resources */ = {
			isa = PBXResourcesBuildPhase;
			buildActionMask = 2147483647;
			files = (
				9226DBA029D4CCD50078A630 /* LaunchScreen.storyboard in Resources */,
			);
			runOnlyForDeploymentPostprocessing = 0;
		};
/* End PBXResourcesBuildPhase section */

/* Begin PBXShellScriptBuildPhase section */
		2EBC6556E6275ED23BF2C3AE /* [CP] Check Pods Manifest.lock */ = {
			isa = PBXShellScriptBuildPhase;
			buildActionMask = 2147483647;
			files = (
			);
			inputFileListPaths = (
			);
			inputPaths = (
				"${PODS_PODFILE_DIR_PATH}/Podfile.lock",
				"${PODS_ROOT}/Manifest.lock",
			);
			name = "[CP] Check Pods Manifest.lock";
			outputFileListPaths = (
			);
			outputPaths = (
				"$(DERIVED_FILE_DIR)/Pods-MealHelper-checkManifestLockResult.txt",
			);
			runOnlyForDeploymentPostprocessing = 0;
			shellPath = /bin/sh;
			shellScript = "diff \"${PODS_PODFILE_DIR_PATH}/Podfile.lock\" \"${PODS_ROOT}/Manifest.lock\" > /dev/null\nif [ $? != 0 ] ; then\n    # print error to STDERR\n    echo \"error: The sandbox is not in sync with the Podfile.lock. Run 'pod install' or update your CocoaPods installation.\" >&2\n    exit 1\nfi\n# This output is used by Xcode 'outputs' to avoid re-running this script phase.\necho \"SUCCESS\" > \"${SCRIPT_OUTPUT_FILE_0}\"\n";
			showEnvVarsInLog = 0;
		};
		42E39E45678ECB25611FEEF0 /* [CP] Embed Pods Frameworks */ = {
			isa = PBXShellScriptBuildPhase;
			buildActionMask = 2147483647;
			files = (
			);
			inputFileListPaths = (
				"${PODS_ROOT}/Target Support Files/Pods-MealHelper/Pods-MealHelper-frameworks-${CONFIGURATION}-input-files.xcfilelist",
			);
			name = "[CP] Embed Pods Frameworks";
			outputFileListPaths = (
				"${PODS_ROOT}/Target Support Files/Pods-MealHelper/Pods-MealHelper-frameworks-${CONFIGURATION}-output-files.xcfilelist",
			);
			runOnlyForDeploymentPostprocessing = 0;
			shellPath = /bin/sh;
			shellScript = "\"${PODS_ROOT}/Target Support Files/Pods-MealHelper/Pods-MealHelper-frameworks.sh\"\n";
			showEnvVarsInLog = 0;
		};
		9226DBA729D4D6800078A630 /* SwiftLint */ = {
			isa = PBXShellScriptBuildPhase;
			buildActionMask = 2147483647;
			files = (
			);
			inputFileListPaths = (
			);
			inputPaths = (
			);
			name = SwiftLint;
			outputFileListPaths = (
			);
			outputPaths = (
			);
			runOnlyForDeploymentPostprocessing = 0;
			shellPath = /bin/sh;
			shellScript = "${PODS_ROOT}/SwiftLint/swiftlint\n";
		};
/* End PBXShellScriptBuildPhase section */

/* Begin PBXSourcesBuildPhase section */
		9226DB8929D4CCD50078A630 /* Sources */ = {
			isa = PBXSourcesBuildPhase;
			buildActionMask = 2147483647;
			files = (
				9226DBD729DEE1220078A630 /* LoginViewController.swift in Sources */,
				9226DB9529D4CCD50078A630 /* StartViewController.swift in Sources */,
				9226DBCD29DECDB80078A630 /* StartPresenter.swift in Sources */,
				9226DBD429DEDAAB0078A630 /* StartBuilder.swift in Sources */,
				9226DB9129D4CCD50078A630 /* AppDelegate.swift in Sources */,
				9226DBCF29DECE370078A630 /* StartViewIO.swift in Sources */,
				9226DB9B29D4CCD50078A630 /* MealHelper.xcdatamodeld in Sources */,
				9226DB9329D4CCD50078A630 /* SceneDelegate.swift in Sources */,
				9226DBD129DECFF40078A630 /* AppCoordinator.swift in Sources */,
			);
			runOnlyForDeploymentPostprocessing = 0;
		};
/* End PBXSourcesBuildPhase section */

/* Begin PBXVariantGroup section */
		9226DB9E29D4CCD50078A630 /* LaunchScreen.storyboard */ = {
			isa = PBXVariantGroup;
			children = (
				9226DB9F29D4CCD50078A630 /* Base */,
			);
			name = LaunchScreen.storyboard;
			sourceTree = "<group>";
		};
/* End PBXVariantGroup section */

/* Begin XCBuildConfiguration section */
		9226DBA229D4CCD50078A630 /* Debug */ = {
			isa = XCBuildConfiguration;
			buildSettings = {
				ALWAYS_SEARCH_USER_PATHS = NO;
				CLANG_ANALYZER_NONNULL = YES;
				CLANG_ANALYZER_NUMBER_OBJECT_CONVERSION = YES_AGGRESSIVE;
				CLANG_CXX_LANGUAGE_STANDARD = "gnu++20";
				CLANG_ENABLE_MODULES = YES;
				CLANG_ENABLE_OBJC_ARC = YES;
				CLANG_ENABLE_OBJC_WEAK = YES;
				CLANG_WARN_BLOCK_CAPTURE_AUTORELEASING = YES;
				CLANG_WARN_BOOL_CONVERSION = YES;
				CLANG_WARN_COMMA = YES;
				CLANG_WARN_CONSTANT_CONVERSION = YES;
				CLANG_WARN_DEPRECATED_OBJC_IMPLEMENTATIONS = YES;
				CLANG_WARN_DIRECT_OBJC_ISA_USAGE = YES_ERROR;
				CLANG_WARN_DOCUMENTATION_COMMENTS = YES;
				CLANG_WARN_EMPTY_BODY = YES;
				CLANG_WARN_ENUM_CONVERSION = YES;
				CLANG_WARN_INFINITE_RECURSION = YES;
				CLANG_WARN_INT_CONVERSION = YES;
				CLANG_WARN_NON_LITERAL_NULL_CONVERSION = YES;
				CLANG_WARN_OBJC_IMPLICIT_RETAIN_SELF = YES;
				CLANG_WARN_OBJC_LITERAL_CONVERSION = YES;
				CLANG_WARN_OBJC_ROOT_CLASS = YES_ERROR;
				CLANG_WARN_QUOTED_INCLUDE_IN_FRAMEWORK_HEADER = YES;
				CLANG_WARN_RANGE_LOOP_ANALYSIS = YES;
				CLANG_WARN_STRICT_PROTOTYPES = YES;
				CLANG_WARN_SUSPICIOUS_MOVE = YES;
				CLANG_WARN_UNGUARDED_AVAILABILITY = YES_AGGRESSIVE;
				CLANG_WARN_UNREACHABLE_CODE = YES;
				CLANG_WARN__DUPLICATE_METHOD_MATCH = YES;
				COPY_PHASE_STRIP = NO;
				DEBUG_INFORMATION_FORMAT = dwarf;
				ENABLE_STRICT_OBJC_MSGSEND = YES;
				ENABLE_TESTABILITY = YES;
				GCC_C_LANGUAGE_STANDARD = gnu11;
				GCC_DYNAMIC_NO_PIC = NO;
				GCC_NO_COMMON_BLOCKS = YES;
				GCC_OPTIMIZATION_LEVEL = 0;
				GCC_PREPROCESSOR_DEFINITIONS = (
					"DEBUG=1",
					"$(inherited)",
				);
				GCC_WARN_64_TO_32_BIT_CONVERSION = YES;
				GCC_WARN_ABOUT_RETURN_TYPE = YES_ERROR;
				GCC_WARN_UNDECLARED_SELECTOR = YES;
				GCC_WARN_UNINITIALIZED_AUTOS = YES_AGGRESSIVE;
				GCC_WARN_UNUSED_FUNCTION = YES;
				GCC_WARN_UNUSED_VARIABLE = YES;
				IPHONEOS_DEPLOYMENT_TARGET = 16.0;
				MTL_ENABLE_DEBUG_INFO = INCLUDE_SOURCE;
				MTL_FAST_MATH = YES;
				ONLY_ACTIVE_ARCH = YES;
				SDKROOT = iphoneos;
				SWIFT_ACTIVE_COMPILATION_CONDITIONS = DEBUG;
				SWIFT_OPTIMIZATION_LEVEL = "-Onone";
			};
			name = Debug;
		};
		9226DBA329D4CCD50078A630 /* Release */ = {
			isa = XCBuildConfiguration;
			buildSettings = {
				ALWAYS_SEARCH_USER_PATHS = NO;
				CLANG_ANALYZER_NONNULL = YES;
				CLANG_ANALYZER_NUMBER_OBJECT_CONVERSION = YES_AGGRESSIVE;
				CLANG_CXX_LANGUAGE_STANDARD = "gnu++20";
				CLANG_ENABLE_MODULES = YES;
				CLANG_ENABLE_OBJC_ARC = YES;
				CLANG_ENABLE_OBJC_WEAK = YES;
				CLANG_WARN_BLOCK_CAPTURE_AUTORELEASING = YES;
				CLANG_WARN_BOOL_CONVERSION = YES;
				CLANG_WARN_COMMA = YES;
				CLANG_WARN_CONSTANT_CONVERSION = YES;
				CLANG_WARN_DEPRECATED_OBJC_IMPLEMENTATIONS = YES;
				CLANG_WARN_DIRECT_OBJC_ISA_USAGE = YES_ERROR;
				CLANG_WARN_DOCUMENTATION_COMMENTS = YES;
				CLANG_WARN_EMPTY_BODY = YES;
				CLANG_WARN_ENUM_CONVERSION = YES;
				CLANG_WARN_INFINITE_RECURSION = YES;
				CLANG_WARN_INT_CONVERSION = YES;
				CLANG_WARN_NON_LITERAL_NULL_CONVERSION = YES;
				CLANG_WARN_OBJC_IMPLICIT_RETAIN_SELF = YES;
				CLANG_WARN_OBJC_LITERAL_CONVERSION = YES;
				CLANG_WARN_OBJC_ROOT_CLASS = YES_ERROR;
				CLANG_WARN_QUOTED_INCLUDE_IN_FRAMEWORK_HEADER = YES;
				CLANG_WARN_RANGE_LOOP_ANALYSIS = YES;
				CLANG_WARN_STRICT_PROTOTYPES = YES;
				CLANG_WARN_SUSPICIOUS_MOVE = YES;
				CLANG_WARN_UNGUARDED_AVAILABILITY = YES_AGGRESSIVE;
				CLANG_WARN_UNREACHABLE_CODE = YES;
				CLANG_WARN__DUPLICATE_METHOD_MATCH = YES;
				COPY_PHASE_STRIP = NO;
				DEBUG_INFORMATION_FORMAT = "dwarf-with-dsym";
				ENABLE_NS_ASSERTIONS = NO;
				ENABLE_STRICT_OBJC_MSGSEND = YES;
				GCC_C_LANGUAGE_STANDARD = gnu11;
				GCC_NO_COMMON_BLOCKS = YES;
				GCC_WARN_64_TO_32_BIT_CONVERSION = YES;
				GCC_WARN_ABOUT_RETURN_TYPE = YES_ERROR;
				GCC_WARN_UNDECLARED_SELECTOR = YES;
				GCC_WARN_UNINITIALIZED_AUTOS = YES_AGGRESSIVE;
				GCC_WARN_UNUSED_FUNCTION = YES;
				GCC_WARN_UNUSED_VARIABLE = YES;
				IPHONEOS_DEPLOYMENT_TARGET = 16.0;
				MTL_ENABLE_DEBUG_INFO = NO;
				MTL_FAST_MATH = YES;
				SDKROOT = iphoneos;
				SWIFT_COMPILATION_MODE = wholemodule;
				SWIFT_OPTIMIZATION_LEVEL = "-O";
				VALIDATE_PRODUCT = YES;
			};
			name = Release;
		};
		9226DBA529D4CCD50078A630 /* Debug */ = {
			isa = XCBuildConfiguration;
			baseConfigurationReference = 2762A795EE51ADDD3B7DC5E4 /* Pods-MealHelper.debug.xcconfig */;
			buildSettings = {
				ASSETCATALOG_COMPILER_APPICON_NAME = AppIcon;
				ASSETCATALOG_COMPILER_GLOBAL_ACCENT_COLOR_NAME = AccentColor;
				CODE_SIGN_STYLE = Automatic;
				CURRENT_PROJECT_VERSION = 1;
				GENERATE_INFOPLIST_FILE = YES;
				INFOPLIST_FILE = MealHelper/Info.plist;
				INFOPLIST_KEY_UIApplicationSupportsIndirectInputEvents = YES;
				INFOPLIST_KEY_UILaunchStoryboardName = LaunchScreen;
				INFOPLIST_KEY_UISupportedInterfaceOrientations_iPad = "UIInterfaceOrientationPortrait UIInterfaceOrientationPortraitUpsideDown UIInterfaceOrientationLandscapeLeft UIInterfaceOrientationLandscapeRight";
				INFOPLIST_KEY_UISupportedInterfaceOrientations_iPhone = "UIInterfaceOrientationPortrait UIInterfaceOrientationLandscapeLeft UIInterfaceOrientationLandscapeRight";
				IPHONEOS_DEPLOYMENT_TARGET = 14.0;
				LD_RUNPATH_SEARCH_PATHS = (
					"$(inherited)",
					"@executable_path/Frameworks",
				);
				MARKETING_VERSION = 1.0;
				PRODUCT_BUNDLE_IDENTIFIER = itis.MealHelper;
				PRODUCT_NAME = "$(TARGET_NAME)";
				SWIFT_EMIT_LOC_STRINGS = YES;
				SWIFT_VERSION = 5.0;
				TARGETED_DEVICE_FAMILY = "1,2";
			};
			name = Debug;
		};
		9226DBA629D4CCD50078A630 /* Release */ = {
			isa = XCBuildConfiguration;
			baseConfigurationReference = AB0815BA243AB13F0EE039C6 /* Pods-MealHelper.release.xcconfig */;
			buildSettings = {
				ASSETCATALOG_COMPILER_APPICON_NAME = AppIcon;
				ASSETCATALOG_COMPILER_GLOBAL_ACCENT_COLOR_NAME = AccentColor;
				CODE_SIGN_STYLE = Automatic;
				CURRENT_PROJECT_VERSION = 1;
				GENERATE_INFOPLIST_FILE = YES;
				INFOPLIST_FILE = MealHelper/Info.plist;
				INFOPLIST_KEY_UIApplicationSupportsIndirectInputEvents = YES;
				INFOPLIST_KEY_UILaunchStoryboardName = LaunchScreen;
				INFOPLIST_KEY_UISupportedInterfaceOrientations_iPad = "UIInterfaceOrientationPortrait UIInterfaceOrientationPortraitUpsideDown UIInterfaceOrientationLandscapeLeft UIInterfaceOrientationLandscapeRight";
				INFOPLIST_KEY_UISupportedInterfaceOrientations_iPhone = "UIInterfaceOrientationPortrait UIInterfaceOrientationLandscapeLeft UIInterfaceOrientationLandscapeRight";
				IPHONEOS_DEPLOYMENT_TARGET = 14.0;
				LD_RUNPATH_SEARCH_PATHS = (
					"$(inherited)",
					"@executable_path/Frameworks",
				);
				MARKETING_VERSION = 1.0;
				PRODUCT_BUNDLE_IDENTIFIER = itis.MealHelper;
				PRODUCT_NAME = "$(TARGET_NAME)";
				SWIFT_EMIT_LOC_STRINGS = YES;
				SWIFT_VERSION = 5.0;
				TARGETED_DEVICE_FAMILY = "1,2";
			};
			name = Release;
		};
/* End XCBuildConfiguration section */

/* Begin XCConfigurationList section */
		9226DB8829D4CCD50078A630 /* Build configuration list for PBXProject "MealHelper" */ = {
			isa = XCConfigurationList;
			buildConfigurations = (
				9226DBA229D4CCD50078A630 /* Debug */,
				9226DBA329D4CCD50078A630 /* Release */,
			);
			defaultConfigurationIsVisible = 0;
			defaultConfigurationName = Release;
		};
		9226DBA429D4CCD50078A630 /* Build configuration list for PBXNativeTarget "MealHelper" */ = {
			isa = XCConfigurationList;
			buildConfigurations = (
				9226DBA529D4CCD50078A630 /* Debug */,
				9226DBA629D4CCD50078A630 /* Release */,
			);
			defaultConfigurationIsVisible = 0;
			defaultConfigurationName = Release;
		};
/* End XCConfigurationList section */

/* Begin XCVersionGroup section */
		9226DB9929D4CCD50078A630 /* MealHelper.xcdatamodeld */ = {
			isa = XCVersionGroup;
			children = (
				9226DB9A29D4CCD50078A630 /* MealHelper.xcdatamodel */,
			);
			currentVersion = 9226DB9A29D4CCD50078A630 /* MealHelper.xcdatamodel */;
			path = MealHelper.xcdatamodeld;
			sourceTree = "<group>";
			versionGroupType = wrapper.xcdatamodel;
		};
/* End XCVersionGroup section */
	};
	rootObject = 9226DB8529D4CCD50078A630 /* Project object */;
}
